// !$*UTF8*$!
{
	archiveVersion = 1;
	classes = {
	};
	objectVersion = 46;
	objects = {

		386CDFD89BB84EDBC70608DD = {isa = PBXBuildFile; fileRef = 354D82FEAA9682BABB7E691A; };
		F442EF8C069C021A7B5877AA = {isa = PBXBuildFile; fileRef = 893E63010F60647DB6A6AC06; };
		CF51747CFD0A0E456C003154 = {isa = PBXBuildFile; fileRef = CAA794CF3C460A0D0360CD2B; };
		E37698902ED9A128E5711306 = {isa = PBXBuildFile; fileRef = 74C01D814B3F649CC9A41653; };
		1B956FC22018CC43133BFA1C = {isa = PBXBuildFile; fileRef = FD72C2C5D00D6176C98608BD; };
		F8EA8C4085A99B07BB795F34 = {isa = PBXBuildFile; fileRef = 1EEA43E08218ADF71B482354; };
		7934A9F87EFFB5B1DE4BE015 = {isa = PBXBuildFile; fileRef = 3CED055C8F37AC77DDA35F05; };
		BBA1C00C6231C40846B6A93B = {isa = PBXBuildFile; fileRef = 842E6A1DECDBAF15A7BDE3FA; };
		890BA0FD0BFDD7D9C52B5231 = {isa = PBXBuildFile; fileRef = 76196636FB01807B6F289658; };
		8FAC8229C25B5FCDBE437775 = {isa = PBXBuildFile; fileRef = 3C51864458FA18ED33CC1044; };
		0C91220758FE036DDA9AAD81 = {isa = PBXBuildFile; fileRef = D512A29DB55A81A5E988F137; };
		DAC056482142E13F3B8CB52C = {isa = PBXBuildFile; fileRef = 7F5C03B3273E109D1BCCB0BD; };
		004A417E560AAC151BDD4631 = {isa = PBXFileReference; lastKnownFileType = sourcecode.cpp.cpp; name = "juce_MP3AudioFormat.cpp"; path = "../../JuceLibraryCode/modules/juce_audio_formats/codecs/juce_MP3AudioFormat.cpp"; sourceTree = "SOURCE_ROOT"; };
		014EDC05C5F1D1AB8D396429 = {isa = PBXFileReference; lastKnownFileType = sourcecode.c.h; name = "juce_LocalisedStrings.h"; path = "../../JuceLibraryCode/modules/juce_core/text/juce_LocalisedStrings.h"; sourceTree = "SOURCE_ROOT"; };
		04324C3C5CF489FF65F1E84C = {isa = PBXFileReference; lastKnownFileType = sourcecode.c.h; name = "juce_MemoryOutputStream.h"; path = "../../JuceLibraryCode/modules/juce_core/streams/juce_MemoryOutputStream.h"; sourceTree = "SOURCE_ROOT"; };
		06FD7B44E8DCF3176669ED8F = {isa = PBXFileReference; lastKnownFileType = sourcecode.c.h; name = JuceHeader.h; path = ../../JuceLibraryCode/JuceHeader.h; sourceTree = "SOURCE_ROOT"; };
		0727A39A7965B653B0BF5A7C = {isa = PBXFileReference; lastKnownFileType = sourcecode.cpp.cpp; name = "juce_CoreAudioFormat.cpp"; path = "../../JuceLibraryCode/modules/juce_audio_formats/codecs/juce_CoreAudioFormat.cpp"; sourceTree = "SOURCE_ROOT"; };
		07B593BC07EB29B9C1835509 = {isa = PBXFileReference; lastKnownFileType = sourcecode.c.h; name = "juce_audio_basics.h"; path = "../../JuceLibraryCode/modules/juce_audio_basics/juce_audio_basics.h"; sourceTree = "SOURCE_ROOT"; };
		0902846A09B5628A23717CC6 = {isa = PBXFileReference; lastKnownFileType = sourcecode.cpp.cpp; name = "juce_linux_CommonFile.cpp"; path = "../../JuceLibraryCode/modules/juce_core/native/juce_linux_CommonFile.cpp"; sourceTree = "SOURCE_ROOT"; };
		0A2211B673FF7147D2FD765C = {isa = PBXFileReference; lastKnownFileType = sourcecode.cpp.cpp; name = "juce_AudioFormat.cpp"; path = "../../JuceLibraryCode/modules/juce_audio_formats/format/juce_AudioFormat.cpp"; sourceTree = "SOURCE_ROOT"; };
		0A4F28487182127C8BAE2B27 = {isa = PBXFileReference; lastKnownFileType = sourcecode.cpp.cpp; name = "juce_android_SystemStats.cpp"; path = "../../JuceLibraryCode/modules/juce_core/native/juce_android_SystemStats.cpp"; sourceTree = "SOURCE_ROOT"; };
		0BAE06E0A30880A6EB3A0770 = {isa = PBXFileReference; lastKnownFileType = sourcecode.cpp.cpp; name = "juce_DynamicObject.cpp"; path = "../../JuceLibraryCode/modules/juce_core/containers/juce_DynamicObject.cpp"; sourceTree = "SOURCE_ROOT"; };
		0C3141D7B0FE82442A9A5B7B = {isa = PBXFileReference; lastKnownFileType = sourcecode.cpp.cpp; name = "juce_TemporaryFile.cpp"; path = "../../JuceLibraryCode/modules/juce_core/files/juce_TemporaryFile.cpp"; sourceTree = "SOURCE_ROOT"; };
		0CA8FC5D820BB4133C5600F6 = {isa = PBXFileReference; lastKnownFileType = sourcecode.cpp.cpp; name = "juce_FlacAudioFormat.cpp"; path = "../../JuceLibraryCode/modules/juce_audio_formats/codecs/juce_FlacAudioFormat.cpp"; sourceTree = "SOURCE_ROOT"; };
		0CF2D5435931626D2DB939D7 = {isa = PBXFileReference; lastKnownFileType = sourcecode.c.h; name = "juce_ScopedPointer.h"; path = "../../JuceLibraryCode/modules/juce_core/memory/juce_ScopedPointer.h"; sourceTree = "SOURCE_ROOT"; };
		0EA75D217F4BC882BA97B848 = {isa = PBXFileReference; lastKnownFileType = sourcecode.c.h; name = "juce_OutputStream.h"; path = "../../JuceLibraryCode/modules/juce_core/streams/juce_OutputStream.h"; sourceTree = "SOURCE_ROOT"; };
		0F0DF5AEB05E86052CD33055 = {isa = PBXFileReference; lastKnownFileType = sourcecode.c.h; name = "juce_SharedResourcePointer.h"; path = "../../JuceLibraryCode/modules/juce_core/memory/juce_SharedResourcePointer.h"; sourceTree = "SOURCE_ROOT"; };
		0F96254CAB10D37BCC73430C = {isa = PBXFileReference; lastKnownFileType = sourcecode.c.h; name = "juce_win32_ComSmartPtr.h"; path = "../../JuceLibraryCode/modules/juce_core/native/juce_win32_ComSmartPtr.h"; sourceTree = "SOURCE_ROOT"; };
		10FFC7EA9ABF618D2BAB5D07 = {isa = PBXFileReference; lastKnownFileType = sourcecode.c.h; name = "juce_StringPool.h"; path = "../../JuceLibraryCode/modules/juce_core/text/juce_StringPool.h"; sourceTree = "SOURCE_ROOT"; };
		11543EDF7273DDB33995928A = {isa = PBXFileReference; lastKnownFileType = sourcecode.cpp.cpp; name = "juce_win32_Threads.cpp"; path = "../../JuceLibraryCode/modules/juce_core/native/juce_win32_Threads.cpp"; sourceTree = "SOURCE_ROOT"; };
		1155407CDEA8D5CF30017F49 = {isa = PBXFileReference; lastKnownFileType = sourcecode.c.h; name = "juce_LagrangeInterpolator.h"; path = "../../JuceLibraryCode/modules/juce_audio_basics/effects/juce_LagrangeInterpolator.h"; sourceTree = "SOURCE_ROOT"; };
		1198944E6548B28C98B8579C = {isa = PBXFileReference; lastKnownFileType = sourcecode.c.h; name = "juce_PositionableAudioSource.h"; path = "../../JuceLibraryCode/modules/juce_audio_basics/sources/juce_PositionableAudioSource.h"; sourceTree = "SOURCE_ROOT"; };
		13F8A35989A1BC606D3F4E3A = {isa = PBXFileReference; lastKnownFileType = sourcecode.c.h; name = "juce_MixerAudioSource.h"; path = "../../JuceLibraryCode/modules/juce_audio_basics/sources/juce_MixerAudioSource.h"; sourceTree = "SOURCE_ROOT"; };
		1532D2FCDB55B66CD6177B0E = {isa = PBXFileReference; lastKnownFileType = sourcecode.cpp.objcpp; name = "juce_mac_SystemStats.mm"; path = "../../JuceLibraryCode/modules/juce_core/native/juce_mac_SystemStats.mm"; sourceTree = "SOURCE_ROOT"; };
		176B29B5FA4D5A001435CBC7 = {isa = PBXFileReference; lastKnownFileType = sourcecode.cpp.cpp; name = "juce_StringPairArray.cpp"; path = "../../JuceLibraryCode/modules/juce_core/text/juce_StringPairArray.cpp"; sourceTree = "SOURCE_ROOT"; };
		18A34F359FCA9CC48EAA3D80 = {isa = PBXFileReference; lastKnownFileType = sourcecode.cpp.cpp; name = "juce_OggVorbisAudioFormat.cpp"; path = "../../JuceLibraryCode/modules/juce_audio_formats/codecs/juce_OggVorbisAudioFormat.cpp"; sourceTree = "SOURCE_ROOT"; };
		18D929D7588C9E9DA11729BF = {isa = PBXFileReference; lastKnownFileType = sourcecode.c.h; name = "juce_Logger.h"; path = "../../JuceLibraryCode/modules/juce_core/logging/juce_Logger.h"; sourceTree = "SOURCE_ROOT"; };
		192FB78F684D110355A0BC3A = {isa = PBXFileReference; lastKnownFileType = sourcecode.c.h; name = "juce_Random.h"; path = "../../JuceLibraryCode/modules/juce_core/maths/juce_Random.h"; sourceTree = "SOURCE_ROOT"; };
		1AC6CCDE3C1BFC194390A9B0 = {isa = PBXFileReference; lastKnownFileType = sourcecode.cpp.cpp; name = "juce_TimeSliceThread.cpp"; path = "../../JuceLibraryCode/modules/juce_core/threads/juce_TimeSliceThread.cpp"; sourceTree = "SOURCE_ROOT"; };
		1ACD2F990CBD823810C88EE7 = {isa = PBXFileReference; lastKnownFileType = sourcecode.c.h; name = "juce_MidiMessage.h"; path = "../../JuceLibraryCode/modules/juce_audio_basics/midi/juce_MidiMessage.h"; sourceTree = "SOURCE_ROOT"; };
		1D4824A9E49F5D53688E38DF = {isa = PBXFileReference; lastKnownFileType = sourcecode.cpp.cpp; name = "juce_android_Misc.cpp"; path = "../../JuceLibraryCode/modules/juce_core/native/juce_android_Misc.cpp"; sourceTree = "SOURCE_ROOT"; };
		1D845B51E582B9B28DBBC247 = {isa = PBXFileReference; lastKnownFileType = sourcecode.c.h; name = "juce_AudioSource.h"; path = "../../JuceLibraryCode/modules/juce_audio_basics/sources/juce_AudioSource.h"; sourceTree = "SOURCE_ROOT"; };
		1DC2AD29B456E75EA8AC52F3 = {isa = PBXFileReference; lastKnownFileType = sourcecode.cpp.cpp; name = "juce_WindowsMediaAudioFormat.cpp"; path = "../../JuceLibraryCode/modules/juce_audio_formats/codecs/juce_WindowsMediaAudioFormat.cpp"; sourceTree = "SOURCE_ROOT"; };
		1E38E7720460A85A7B76D829 = {isa = PBXFileReference; lastKnownFileType = sourcecode.cpp.cpp; name = "juce_AbstractFifo.cpp"; path = "../../JuceLibraryCode/modules/juce_core/containers/juce_AbstractFifo.cpp"; sourceTree = "SOURCE_ROOT"; };
		1EC3A8300FE94713DE4040D3 = {isa = PBXFileReference; lastKnownFileType = sourcecode.c.h; name = "juce_ToneGeneratorAudioSource.h"; path = "../../JuceLibraryCode/modules/juce_audio_basics/sources/juce_ToneGeneratorAudioSource.h"; sourceTree = "SOURCE_ROOT"; };
		1EEA43E08218ADF71B482354 = {isa = PBXFileReference; lastKnownFileType = wrapper.framework; name = IOKit.framework; path = System/Library/Frameworks/IOKit.framework; sourceTree = SDKROOT; };
		1FEEABC96A15AA5F353269CE = {isa = PBXFileReference; lastKnownFileType = sourcecode.c.h; name = "juce_MidiFile.h"; path = "../../JuceLibraryCode/modules/juce_audio_basics/midi/juce_MidiFile.h"; sourceTree = "SOURCE_ROOT"; };
		2006510B0F4A81E42F35EBFD = {isa = PBXFileReference; lastKnownFileType = sourcecode.c.h; name = "juce_Thread.h"; path = "../../JuceLibraryCode/modules/juce_core/threads/juce_Thread.h"; sourceTree = "SOURCE_ROOT"; };
		20784D0D41F1756A09D6BBFC = {isa = PBXFileReference; lastKnownFileType = sourcecode.cpp.objcpp; name = "juce_mac_Threads.mm"; path = "../../JuceLibraryCode/modules/juce_core/native/juce_mac_Threads.mm"; sourceTree = "SOURCE_ROOT"; };
		20FF63FC93AC1DB10829C8BE = {isa = PBXFileReference; lastKnownFileType = sourcecode.cpp.cpp; name = "juce_Expression.cpp"; path = "../../JuceLibraryCode/modules/juce_core/maths/juce_Expression.cpp"; sourceTree = "SOURCE_ROOT"; };
		212A0CADC54DE5411CCF6B42 = {isa = PBXFileReference; lastKnownFileType = sourcecode.cpp.cpp; name = "juce_IIRFilterAudioSource.cpp"; path = "../../JuceLibraryCode/modules/juce_audio_basics/sources/juce_IIRFilterAudioSource.cpp"; sourceTree = "SOURCE_ROOT"; };
		2236272A38EA105D9F7F14DD = {isa = PBXFileReference; lastKnownFileType = file; name = "juce_module_info"; path = "../../JuceLibraryCode/modules/juce_core/juce_module_info"; sourceTree = "SOURCE_ROOT"; };
		22C9ABDDBB752827FCE62BD4 = {isa = PBXFileReference; lastKnownFileType = sourcecode.c.h; name = "juce_XmlDocument.h"; path = "../../JuceLibraryCode/modules/juce_core/xml/juce_XmlDocument.h"; sourceTree = "SOURCE_ROOT"; };
		22FBC10190B2263D709F4814 = {isa = PBXFileReference; lastKnownFileType = sourcecode.cpp.cpp; name = "juce_AudioFormatReader.cpp"; path = "../../JuceLibraryCode/modules/juce_audio_formats/format/juce_AudioFormatReader.cpp"; sourceTree = "SOURCE_ROOT"; };
		23C207E4B80E2E30ED651778 = {isa = PBXFileReference; lastKnownFileType = sourcecode.c.h; name = "juce_BasicNativeHeaders.h"; path = "../../JuceLibraryCode/modules/juce_core/native/juce_BasicNativeHeaders.h"; sourceTree = "SOURCE_ROOT"; };
		26343130E9CD4D54068E407D = {isa = PBXFileReference; lastKnownFileType = sourcecode.c.h; name = "juce_OggVorbisAudioFormat.h"; path = "../../JuceLibraryCode/modules/juce_audio_formats/codecs/juce_OggVorbisAudioFormat.h"; sourceTree = "SOURCE_ROOT"; };
		291D6404F25B24631CF384E1 = {isa = PBXFileReference; lastKnownFileType = sourcecode.c.h; name = "juce_Synthesiser.h"; path = "../../JuceLibraryCode/modules/juce_audio_basics/synthesisers/juce_Synthesiser.h"; sourceTree = "SOURCE_ROOT"; };
		2B55512EFCFF7FA421938E56 = {isa = PBXFileReference; lastKnownFileType = sourcecode.c.h; name = "juce_posix_SharedCode.h"; path = "../../JuceLibraryCode/modules/juce_core/native/juce_posix_SharedCode.h"; sourceTree = "SOURCE_ROOT"; };
		2D123154453FF505E61BF5C9 = {isa = PBXFileReference; lastKnownFileType = sourcecode.cpp.cpp; name = "juce_win32_Network.cpp"; path = "../../JuceLibraryCode/modules/juce_core/native/juce_win32_Network.cpp"; sourceTree = "SOURCE_ROOT"; };
		2D6AD48E0818A26D683C0C9B = {isa = PBXFileReference; lastKnownFileType = sourcecode.cpp.cpp; name = "juce_MidiKeyboardState.cpp"; path = "../../JuceLibraryCode/modules/juce_audio_basics/midi/juce_MidiKeyboardState.cpp"; sourceTree = "SOURCE_ROOT"; };
		2DA497D64543F58F0E0C10FD = {isa = PBXFileReference; lastKnownFileType = sourcecode.c.h; name = "juce_XmlElement.h"; path = "../../JuceLibraryCode/modules/juce_core/xml/juce_XmlElement.h"; sourceTree = "SOURCE_ROOT"; };
		2F788CC807C0A52ACDAF80F6 = {isa = PBXFileReference; lastKnownFileType = sourcecode.cpp.cpp; name = "juce_XmlElement.cpp"; path = "../../JuceLibraryCode/modules/juce_core/xml/juce_XmlElement.cpp"; sourceTree = "SOURCE_ROOT"; };
		30EC5B603D3AAEB20FA1F16D = {isa = PBXFileReference; lastKnownFileType = sourcecode.c.h; name = "juce_BufferingAudioSource.h"; path = "../../JuceLibraryCode/modules/juce_audio_basics/sources/juce_BufferingAudioSource.h"; sourceTree = "SOURCE_ROOT"; };
		3388E37F2036FCEBD9A0A121 = {isa = PBXFileReference; lastKnownFileType = sourcecode.c.h; name = "juce_audio_formats.h"; path = "../../JuceLibraryCode/modules/juce_audio_formats/juce_audio_formats.h"; sourceTree = "SOURCE_ROOT"; };
		33EEF081384E38332E295862 = {isa = PBXFileReference; lastKnownFileType = sourcecode.c.h; name = "juce_SparseSet.h"; path = "../../JuceLibraryCode/modules/juce_core/containers/juce_SparseSet.h"; sourceTree = "SOURCE_ROOT"; };
		33F2C5AABD757EEF7B65CEBC = {isa = PBXFileReference; lastKnownFileType = sourcecode.c.h; name = "juce_LeakedObjectDetector.h"; path = "../../JuceLibraryCode/modules/juce_core/memory/juce_LeakedObjectDetector.h"; sourceTree = "SOURCE_ROOT"; };
		354D82FEAA9682BABB7E691A = {isa = PBXFileReference; lastKnownFileType = wrapper.framework; name = Accelerate.framework; path = System/Library/Frameworks/Accelerate.framework; sourceTree = SDKROOT; };
		35D95D54AC62CEAB457A7FD6 = {isa = PBXFileReference; lastKnownFileType = sourcecode.cpp.cpp; name = "juce_SystemStats.cpp"; path = "../../JuceLibraryCode/modules/juce_core/system/juce_SystemStats.cpp"; sourceTree = "SOURCE_ROOT"; };
		35F35DF2855F2E26FA34459E = {isa = PBXFileReference; lastKnownFileType = sourcecode.c.h; name = "juce_Memory.h"; path = "../../JuceLibraryCode/modules/juce_core/memory/juce_Memory.h"; sourceTree = "SOURCE_ROOT"; };
		37E1DCF42522932722415BCC = {isa = PBXFileReference; lastKnownFileType = sourcecode.c.h; name = "juce_InputStream.h"; path = "../../JuceLibraryCode/modules/juce_core/streams/juce_InputStream.h"; sourceTree = "SOURCE_ROOT"; };
		387FAAB45B80E6BEBCF630AD = {isa = PBXFileReference; lastKnownFileType = sourcecode.c.h; name = "juce_MemoryInputStream.h"; path = "../../JuceLibraryCode/modules/juce_core/streams/juce_MemoryInputStream.h"; sourceTree = "SOURCE_ROOT"; };
		3A199DD427425A9EB761D2C7 = {isa = PBXFileReference; lastKnownFileType = sourcecode.cpp.cpp; name = "juce_IIRFilter.cpp"; path = "../../JuceLibraryCode/modules/juce_audio_basics/effects/juce_IIRFilter.cpp"; sourceTree = "SOURCE_ROOT"; };
		3B896220953B01D5369EC1BD = {isa = PBXFileReference; lastKnownFileType = sourcecode.cpp.cpp; name = "juce_win32_Registry.cpp"; path = "../../JuceLibraryCode/modules/juce_core/native/juce_win32_Registry.cpp"; sourceTree = "SOURCE_ROOT"; };
		3C51864458FA18ED33CC1044 = {isa = PBXFileReference; lastKnownFileType = sourcecode.cpp.objcpp; name = "juce_audio_basics.mm"; path = "../../JuceLibraryCode/modules/juce_audio_basics/juce_audio_basics.mm"; sourceTree = "SOURCE_ROOT"; };
		3CED055C8F37AC77DDA35F05 = {isa = PBXFileReference; lastKnownFileType = wrapper.framework; name = QuartzCore.framework; path = System/Library/Frameworks/QuartzCore.framework; sourceTree = SDKROOT; };
		3D45714CDD01BE3DCB9043BF = {isa = PBXFileReference; lastKnownFileType = sourcecode.cpp.cpp; name = "juce_UnitTest.cpp"; path = "../../JuceLibraryCode/modules/juce_core/unit_tests/juce_UnitTest.cpp"; sourceTree = "SOURCE_ROOT"; };
		3DFEA8D5E76343AD65B1832E = {isa = PBXFileReference; lastKnownFileType = sourcecode.c.h; name = "juce_StandardHeader.h"; path = "../../JuceLibraryCode/modules/juce_core/system/juce_StandardHeader.h"; sourceTree = "SOURCE_ROOT"; };
		3EBF87AC5F2320435689EC0E = {isa = PBXFileReference; lastKnownFileType = sourcecode.c.h; name = "juce_SortedSet.h"; path = "../../JuceLibraryCode/modules/juce_core/containers/juce_SortedSet.h"; sourceTree = "SOURCE_ROOT"; };
		3FA3CD0BE23CEBFC298895F2 = {isa = PBXFileReference; lastKnownFileType = sourcecode.c.h; name = "juce_MACAddress.h"; path = "../../JuceLibraryCode/modules/juce_core/network/juce_MACAddress.h"; sourceTree = "SOURCE_ROOT"; };
		408C07358BB3A6ADCB8A16B2 = {isa = PBXFileReference; lastKnownFileType = sourcecode.c.h; name = "juce_FileInputSource.h"; path = "../../JuceLibraryCode/modules/juce_core/streams/juce_FileInputSource.h"; sourceTree = "SOURCE_ROOT"; };
		41761C51813FD6D9101CDB98 = {isa = PBXFileReference; lastKnownFileType = sourcecode.c.h; name = "juce_CharPointer_UTF16.h"; path = "../../JuceLibraryCode/modules/juce_core/text/juce_CharPointer_UTF16.h"; sourceTree = "SOURCE_ROOT"; };
		41F417276ABD1AA87782C66F = {isa = PBXFileReference; lastKnownFileType = sourcecode.c.h; name = "juce_Atomic.h"; path = "../../JuceLibraryCode/modules/juce_core/memory/juce_Atomic.h"; sourceTree = "SOURCE_ROOT"; };
		43E4508DC114CA70240DB11E = {isa = PBXFileReference; lastKnownFileType = sourcecode.c.h; name = "juce_URL.h"; path = "../../JuceLibraryCode/modules/juce_core/network/juce_URL.h"; sourceTree = "SOURCE_ROOT"; };
		43EAD7CA26C1194DF8DA45B3 = {isa = PBXFileReference; lastKnownFileType = sourcecode.cpp.cpp; name = "juce_LAMEEncoderAudioFormat.cpp"; path = "../../JuceLibraryCode/modules/juce_audio_formats/codecs/juce_LAMEEncoderAudioFormat.cpp"; sourceTree = "SOURCE_ROOT"; };
		448561D3F2C6FE15E338C057 = {isa = PBXFileReference; lastKnownFileType = sourcecode.c.h; name = "juce_PerformanceCounter.h"; path = "../../JuceLibraryCode/modules/juce_core/time/juce_PerformanceCounter.h"; sourceTree = "SOURCE_ROOT"; };
		44E100853D87FC00A14F81B6 = {isa = PBXFileReference; lastKnownFileType = sourcecode.cpp.cpp; name = "juce_Time.cpp"; path = "../../JuceLibraryCode/modules/juce_core/time/juce_Time.cpp"; sourceTree = "SOURCE_ROOT"; };
		46F532D9833065D62537E44B = {isa = PBXFileReference; lastKnownFileType = sourcecode.c.h; name = "juce_AbstractFifo.h"; path = "../../JuceLibraryCode/modules/juce_core/containers/juce_AbstractFifo.h"; sourceTree = "SOURCE_ROOT"; };
		4757170C14619BF0AD53B1A6 = {isa = PBXFileReference; lastKnownFileType = sourcecode.c.h; name = "juce_ThreadLocalValue.h"; path = "../../JuceLibraryCode/modules/juce_core/threads/juce_ThreadLocalValue.h"; sourceTree = "SOURCE_ROOT"; };
		47AB562325F60674CE5957FA = {isa = PBXFileReference; lastKnownFileType = sourcecode.cpp.cpp; name = "juce_RelativeTime.cpp"; path = "../../JuceLibraryCode/modules/juce_core/time/juce_RelativeTime.cpp"; sourceTree = "SOURCE_ROOT"; };
		48192B460116A33B0ED59587 = {isa = PBXFileReference; lastKnownFileType = sourcecode.c.h; name = "juce_StringPairArray.h"; path = "../../JuceLibraryCode/modules/juce_core/text/juce_StringPairArray.h"; sourceTree = "SOURCE_ROOT"; };
		48328C1E09FE4DF02AC38624 = {isa = PBXFileReference; lastKnownFileType = sourcecode.c.h; name = "juce_WindowsMediaAudioFormat.h"; path = "../../JuceLibraryCode/modules/juce_audio_formats/codecs/juce_WindowsMediaAudioFormat.h"; sourceTree = "SOURCE_ROOT"; };
		4903663E9C8B27E714F0B1F5 = {isa = PBXFileReference; lastKnownFileType = sourcecode.c.h; name = "juce_HeapBlock.h"; path = "../../JuceLibraryCode/modules/juce_core/memory/juce_HeapBlock.h"; sourceTree = "SOURCE_ROOT"; };
		497BB9EFE9566E4F4AC10A8E = {isa = PBXFileReference; lastKnownFileType = sourcecode.cpp.cpp; name = "juce_QuickTimeAudioFormat.cpp"; path = "../../JuceLibraryCode/modules/juce_audio_formats/codecs/juce_QuickTimeAudioFormat.cpp"; sourceTree = "SOURCE_ROOT"; };
		4A2DBB401FD3E990D5E43FA8 = {isa = PBXFileReference; lastKnownFileType = sourcecode.cpp.cpp; name = "juce_FloatVectorOperations.cpp"; path = "../../JuceLibraryCode/modules/juce_audio_basics/buffers/juce_FloatVectorOperations.cpp"; sourceTree = "SOURCE_ROOT"; };
		4B1FDB7796A35876C433418C = {isa = PBXFileReference; lastKnownFileType = sourcecode.cpp.cpp; name = "juce_Uuid.cpp"; path = "../../JuceLibraryCode/modules/juce_core/misc/juce_Uuid.cpp"; sourceTree = "SOURCE_ROOT"; };
		4B6219F63CF2D25E822BB258 = {isa = PBXFileReference; lastKnownFileType = sourcecode.cpp.cpp; name = "juce_android_Threads.cpp"; path = "../../JuceLibraryCode/modules/juce_core/native/juce_android_Threads.cpp"; sourceTree = "SOURCE_ROOT"; };
		4BD55007436CD8567D021ED5 = {isa = PBXFileReference; lastKnownFileType = sourcecode.c.h; name = "juce_LinkedListPointer.h"; path = "../../JuceLibraryCode/modules/juce_core/containers/juce_LinkedListPointer.h"; sourceTree = "SOURCE_ROOT"; };
		4C3BB6891B643A26FEE5EF63 = {isa = PBXFileReference; lastKnownFileType = sourcecode.cpp.cpp; name = "juce_win32_SystemStats.cpp"; path = "../../JuceLibraryCode/modules/juce_core/native/juce_win32_SystemStats.cpp"; sourceTree = "SOURCE_ROOT"; };
		4E40191A63933B54C05D0006 = {isa = PBXFileReference; lastKnownFileType = sourcecode.cpp.cpp; name = "juce_ResamplingAudioSource.cpp"; path = "../../JuceLibraryCode/modules/juce_audio_basics/sources/juce_ResamplingAudioSource.cpp"; sourceTree = "SOURCE_ROOT"; };
		4EE94215DFA7D21F4CEC57CB = {isa = PBXFileReference; lastKnownFileType = sourcecode.cpp.cpp; name = "juce_AudioFormatReaderSource.cpp"; path = "../../JuceLibraryCode/modules/juce_audio_formats/format/juce_AudioFormatReaderSource.cpp"; sourceTree = "SOURCE_ROOT"; };
		503521C1335D239E49D85925 = {isa = PBXFileReference; lastKnownFileType = sourcecode.cpp.cpp; name = "juce_SubregionStream.cpp"; path = "../../JuceLibraryCode/modules/juce_core/streams/juce_SubregionStream.cpp"; sourceTree = "SOURCE_ROOT"; };
		513D76DBB02D6C9CC2688265 = {isa = PBXFileReference; lastKnownFileType = sourcecode.cpp.cpp; name = "juce_CharacterFunctions.cpp"; path = "../../JuceLibraryCode/modules/juce_core/text/juce_CharacterFunctions.cpp"; sourceTree = "SOURCE_ROOT"; };
		51CC63419DE8D6D578523E70 = {isa = PBXFileReference; lastKnownFileType = sourcecode.cpp.objcpp; name = "juce_mac_Network.mm"; path = "../../JuceLibraryCode/modules/juce_core/native/juce_mac_Network.mm"; sourceTree = "SOURCE_ROOT"; };
		51CFB65F7E313D14EBC0583C = {isa = PBXFileReference; lastKnownFileType = sourcecode.c.h; name = "juce_Process.h"; path = "../../JuceLibraryCode/modules/juce_core/threads/juce_Process.h"; sourceTree = "SOURCE_ROOT"; };
		5316FA62830C18DEC7317482 = {isa = PBXFileReference; lastKnownFileType = sourcecode.cpp.cpp; name = "juce_GZIPCompressorOutputStream.cpp"; path = "../../JuceLibraryCode/modules/juce_core/zip/juce_GZIPCompressorOutputStream.cpp"; sourceTree = "SOURCE_ROOT"; };
		53ACEEA80C42CA28A9CF5FEE = {isa = PBXFileReference; lastKnownFileType = sourcecode.c.h; name = "juce_MP3AudioFormat.h"; path = "../../JuceLibraryCode/modules/juce_audio_formats/codecs/juce_MP3AudioFormat.h"; sourceTree = "SOURCE_ROOT"; };
		53C9BB17287AD0CA5407D1A6 = {isa = PBXFileReference; lastKnownFileType = sourcecode.cpp.cpp; name = "juce_win32_Files.cpp"; path = "../../JuceLibraryCode/modules/juce_core/native/juce_win32_Files.cpp"; sourceTree = "SOURCE_ROOT"; };
		5458ECB5160D647EBBFA45EA = {isa = PBXFileReference; lastKnownFileType = sourcecode.c.h; name = "juce_CriticalSection.h"; path = "../../JuceLibraryCode/modules/juce_core/threads/juce_CriticalSection.h"; sourceTree = "SOURCE_ROOT"; };
		54663DE8F02E9495860BD51F = {isa = PBXFileReference; lastKnownFileType = sourcecode.cpp.cpp; name = "juce_FileFilter.cpp"; path = "../../JuceLibraryCode/modules/juce_core/files/juce_FileFilter.cpp"; sourceTree = "SOURCE_ROOT"; };
		556C6EAA793214407C30CBDB = {isa = PBXFileReference; lastKnownFileType = sourcecode.c.h; name = "juce_android_JNIHelpers.h"; path = "../../JuceLibraryCode/modules/juce_core/native/juce_android_JNIHelpers.h"; sourceTree = "SOURCE_ROOT"; };
		55EC77E311C75C4788E58E44 = {isa = PBXFileReference; lastKnownFileType = sourcecode.c.h; name = "juce_AudioFormat.h"; path = "../../JuceLibraryCode/modules/juce_audio_formats/format/juce_AudioFormat.h"; sourceTree = "SOURCE_ROOT"; };
		5712691DE714489AA5C640E6 = {isa = PBXFileReference; lastKnownFileType = sourcecode.c.h; name = "juce_ScopedValueSetter.h"; path = "../../JuceLibraryCode/modules/juce_core/containers/juce_ScopedValueSetter.h"; sourceTree = "SOURCE_ROOT"; };
		5753D102FAFE8F0A929B3C6B = {isa = PBXFileReference; lastKnownFileType = sourcecode.c.h; name = "juce_ReadWriteLock.h"; path = "../../JuceLibraryCode/modules/juce_core/threads/juce_ReadWriteLock.h"; sourceTree = "SOURCE_ROOT"; };
		57C113F93234F6B43CDAD347 = {isa = PBXFileReference; lastKnownFileType = sourcecode.cpp.cpp; name = "juce_posix_NamedPipe.cpp"; path = "../../JuceLibraryCode/modules/juce_core/native/juce_posix_NamedPipe.cpp"; sourceTree = "SOURCE_ROOT"; };
		5806B83E41879E884930F3BD = {isa = PBXFileReference; lastKnownFileType = sourcecode.c.h; name = "juce_OwnedArray.h"; path = "../../JuceLibraryCode/modules/juce_core/containers/juce_OwnedArray.h"; sourceTree = "SOURCE_ROOT"; };
		58A90F8EFD6E040D991E33B4 = {isa = PBXFileReference; lastKnownFileType = sourcecode.c.h; name = "juce_SystemStats.h"; path = "../../JuceLibraryCode/modules/juce_core/system/juce_SystemStats.h"; sourceTree = "SOURCE_ROOT"; };
		596EE9B7D9A842E960BE4A7F = {isa = PBXFileReference; lastKnownFileType = sourcecode.cpp.cpp; name = "juce_BigInteger.cpp"; path = "../../JuceLibraryCode/modules/juce_core/maths/juce_BigInteger.cpp"; sourceTree = "SOURCE_ROOT"; };
		5C246C8C0CBA35FD3D59E6FF = {isa = PBXFileReference; lastKnownFileType = sourcecode.cpp.cpp; name = "juce_MidiMessage.cpp"; path = "../../JuceLibraryCode/modules/juce_audio_basics/midi/juce_MidiMessage.cpp"; sourceTree = "SOURCE_ROOT"; };
		5D0DD718975F9AD8BE9B98A9 = {isa = PBXFileReference; lastKnownFileType = sourcecode.c.h; name = "juce_ChannelRemappingAudioSource.h"; path = "../../JuceLibraryCode/modules/juce_audio_basics/sources/juce_ChannelRemappingAudioSource.h"; sourceTree = "SOURCE_ROOT"; };
		5E11660BC489E27506B4F227 = {isa = PBXFileReference; lastKnownFileType = sourcecode.cpp.cpp; name = "juce_XmlDocument.cpp"; path = "../../JuceLibraryCode/modules/juce_core/xml/juce_XmlDocument.cpp"; sourceTree = "SOURCE_ROOT"; };
		5EB1A76B21DA37506FD0E8E7 = {isa = PBXFileReference; lastKnownFileType = sourcecode.cpp.cpp; name = "juce_OutputStream.cpp"; path = "../../JuceLibraryCode/modules/juce_core/streams/juce_OutputStream.cpp"; sourceTree = "SOURCE_ROOT"; };
		5EE600CA6F470CEDA549E3D5 = {isa = PBXFileReference; lastKnownFileType = sourcecode.c.h; name = "juce_IIRFilterAudioSource.h"; path = "../../JuceLibraryCode/modules/juce_audio_basics/sources/juce_IIRFilterAudioSource.h"; sourceTree = "SOURCE_ROOT"; };
		5F21DEEBEF252925B9354C99 = {isa = PBXFileReference; lastKnownFileType = sourcecode.c.h; name = "juce_WaitableEvent.h"; path = "../../JuceLibraryCode/modules/juce_core/threads/juce_WaitableEvent.h"; sourceTree = "SOURCE_ROOT"; };
		5FAD7A42CE9D164859DA9A3A = {isa = PBXFileReference; lastKnownFileType = sourcecode.c.h; name = "juce_BigInteger.h"; path = "../../JuceLibraryCode/modules/juce_core/maths/juce_BigInteger.h"; sourceTree = "SOURCE_ROOT"; };
		60F0F0EC46362BAA653768D1 = {isa = PBXFileReference; lastKnownFileType = sourcecode.cpp.cpp; name = "juce_URL.cpp"; path = "../../JuceLibraryCode/modules/juce_core/network/juce_URL.cpp"; sourceTree = "SOURCE_ROOT"; };
		6173C7075BE2B6E90761E801 = {isa = PBXFileReference; lastKnownFileType = sourcecode.cpp.cpp; name = "juce_linux_SystemStats.cpp"; path = "../../JuceLibraryCode/modules/juce_core/native/juce_linux_SystemStats.cpp"; sourceTree = "SOURCE_ROOT"; };
		62C02383B44B8B9FFD14937C = {isa = PBXFileReference; lastKnownFileType = sourcecode.c.h; name = "juce_CharacterFunctions.h"; path = "../../JuceLibraryCode/modules/juce_core/text/juce_CharacterFunctions.h"; sourceTree = "SOURCE_ROOT"; };
		62FD0CB271FB5ABDA405A4E5 = {isa = PBXFileReference; lastKnownFileType = sourcecode.c.h; name = "juce_TemporaryFile.h"; path = "../../JuceLibraryCode/modules/juce_core/files/juce_TemporaryFile.h"; sourceTree = "SOURCE_ROOT"; };
		62FD0EA6E471867F45294EA7 = {isa = PBXFileReference; lastKnownFileType = sourcecode.cpp.cpp; name = "juce_StringArray.cpp"; path = "../../JuceLibraryCode/modules/juce_core/text/juce_StringArray.cpp"; sourceTree = "SOURCE_ROOT"; };
		64E18C529048FD4977548F68 = {isa = PBXFileReference; lastKnownFileType = sourcecode.c.h; name = "juce_ArrayAllocationBase.h"; path = "../../JuceLibraryCode/modules/juce_core/containers/juce_ArrayAllocationBase.h"; sourceTree = "SOURCE_ROOT"; };
		65695CF499AC6876396675F7 = {isa = PBXFileReference; lastKnownFileType = sourcecode.c.h; name = "juce_osx_ObjCHelpers.h"; path = "../../JuceLibraryCode/modules/juce_core/native/juce_osx_ObjCHelpers.h"; sourceTree = "SOURCE_ROOT"; };
		66E77EA7100FD41E649E3150 = {isa = PBXFileReference; lastKnownFileType = sourcecode.cpp.cpp; name = "juce_InputStream.cpp"; path = "../../JuceLibraryCode/modules/juce_core/streams/juce_InputStream.cpp"; sourceTree = "SOURCE_ROOT"; };
		672DDA8CA0EB3D6B359509C3 = {isa = PBXFileReference; lastKnownFileType = sourcecode.c.h; name = "juce_ReferenceCountedObject.h"; path = "../../JuceLibraryCode/modules/juce_core/memory/juce_ReferenceCountedObject.h"; sourceTree = "SOURCE_ROOT"; };
		6755C2CED5E3775F05B05376 = {isa = PBXFileReference; lastKnownFileType = sourcecode.c.h; name = "juce_GZIPCompressorOutputStream.h"; path = "../../JuceLibraryCode/modules/juce_core/zip/juce_GZIPCompressorOutputStream.h"; sourceTree = "SOURCE_ROOT"; };
		68B63F0E06385EE2DA62C7C8 = {isa = PBXFileReference; lastKnownFileType = sourcecode.c.h; name = "juce_FileSearchPath.h"; path = "../../JuceLibraryCode/modules/juce_core/files/juce_FileSearchPath.h"; sourceTree = "SOURCE_ROOT"; };
		6996F2309E89D85BDC9C4F45 = {isa = PBXFileReference; lastKnownFileType = sourcecode.c.h; name = "juce_BufferingAudioFormatReader.h"; path = "../../JuceLibraryCode/modules/juce_audio_formats/format/juce_BufferingAudioFormatReader.h"; sourceTree = "SOURCE_ROOT"; };
		6B018075178E127FA5BF09BE = {isa = PBXFileReference; lastKnownFileType = sourcecode.c.h; name = "juce_AudioFormatReaderSource.h"; path = "../../JuceLibraryCode/modules/juce_audio_formats/format/juce_AudioFormatReaderSource.h"; sourceTree = "SOURCE_ROOT"; };
		6C36EC11FB9DF9EB0A83B11D = {isa = PBXFileReference; lastKnownFileType = sourcecode.cpp.cpp; name = "juce_linux_Threads.cpp"; path = "../../JuceLibraryCode/modules/juce_core/native/juce_linux_Threads.cpp"; sourceTree = "SOURCE_ROOT"; };
		6C72C92D676B81B35682231D = {isa = PBXFileReference; lastKnownFileType = sourcecode.cpp.cpp; name = "juce_File.cpp"; path = "../../JuceLibraryCode/modules/juce_core/files/juce_File.cpp"; sourceTree = "SOURCE_ROOT"; };
		6CC99A3CB7269CB7FA63B1EB = {isa = PBXFileReference; lastKnownFileType = sourcecode.c.h; name = "juce_DynamicLibrary.h"; path = "../../JuceLibraryCode/modules/juce_core/threads/juce_DynamicLibrary.h"; sourceTree = "SOURCE_ROOT"; };
		6CFC9FA1AB8688045384F6BD = {isa = PBXFileReference; lastKnownFileType = sourcecode.c.h; name = "juce_NamedValueSet.h"; path = "../../JuceLibraryCode/modules/juce_core/containers/juce_NamedValueSet.h"; sourceTree = "SOURCE_ROOT"; };
		6DCF158B5F9889A36CD76357 = {isa = PBXFileReference; lastKnownFileType = sourcecode.cpp.cpp; name = "juce_MidiMessageSequence.cpp"; path = "../../JuceLibraryCode/modules/juce_audio_basics/midi/juce_MidiMessageSequence.cpp"; sourceTree = "SOURCE_ROOT"; };
		7016B7355DE74E27B6B6ED8E = {isa = PBXFileReference; lastKnownFileType = sourcecode.c.h; name = "juce_ReferenceCountedArray.h"; path = "../../JuceLibraryCode/modules/juce_core/containers/juce_ReferenceCountedArray.h"; sourceTree = "SOURCE_ROOT"; };
		70A34AD02A1A2FD4D28D42B8 = {isa = PBXFileReference; lastKnownFileType = sourcecode.c.h; name = "juce_OptionalScopedPointer.h"; path = "../../JuceLibraryCode/modules/juce_core/memory/juce_OptionalScopedPointer.h"; sourceTree = "SOURCE_ROOT"; };
		70CC76F18208512B9747AC84 = {isa = PBXFileReference; lastKnownFileType = sourcecode.c.h; name = "juce_TextDiff.h"; path = "../../JuceLibraryCode/modules/juce_core/text/juce_TextDiff.h"; sourceTree = "SOURCE_ROOT"; };
		732B8C677D0B54BA2B55C4B6 = {isa = PBXFileReference; lastKnownFileType = sourcecode.cpp.cpp; name = "juce_BufferingAudioSource.cpp"; path = "../../JuceLibraryCode/modules/juce_audio_basics/sources/juce_BufferingAudioSource.cpp"; sourceTree = "SOURCE_ROOT"; };
		74C01D814B3F649CC9A41653 = {isa = PBXFileReference; lastKnownFileType = wrapper.framework; name = CoreAudio.framework; path = System/Library/Frameworks/CoreAudio.framework; sourceTree = SDKROOT; };
		76196636FB01807B6F289658 = {isa = PBXFileReference; lastKnownFileType = sourcecode.cpp.cpp; name = Main.cpp; path = ../../Source/Main.cpp; sourceTree = "SOURCE_ROOT"; };
		772164F544797B9CCB544404 = {isa = PBXFileReference; lastKnownFileType = sourcecode.cpp.cpp; name = "juce_ReadWriteLock.cpp"; path = "../../JuceLibraryCode/modules/juce_core/threads/juce_ReadWriteLock.cpp"; sourceTree = "SOURCE_ROOT"; };
		79870048C780F9D377B24916 = {isa = PBXFileReference; lastKnownFileType = sourcecode.cpp.cpp; name = "juce_FileInputSource.cpp"; path = "../../JuceLibraryCode/modules/juce_core/streams/juce_FileInputSource.cpp"; sourceTree = "SOURCE_ROOT"; };
		79D61B4862C1ED5FB41E6709 = {isa = PBXFileReference; lastKnownFileType = sourcecode.c.h; name = "juce_RelativeTime.h"; path = "../../JuceLibraryCode/modules/juce_core/time/juce_RelativeTime.h"; sourceTree = "SOURCE_ROOT"; };
		7A2A8945B9664D60B259CA3A = {isa = PBXFileReference; lastKnownFileType = sourcecode.c.h; name = "juce_HighResolutionTimer.h"; path = "../../JuceLibraryCode/modules/juce_core/threads/juce_HighResolutionTimer.h"; sourceTree = "SOURCE_ROOT"; };
		7BE7F3613271A2CF28BF2FFD = {isa = PBXFileReference; lastKnownFileType = sourcecode.c.h; name = "juce_AudioDataConverters.h"; path = "../../JuceLibraryCode/modules/juce_audio_basics/buffers/juce_AudioDataConverters.h"; sourceTree = "SOURCE_ROOT"; };
		7C133B690483FCCA88D78054 = {isa = PBXFileReference; lastKnownFileType = sourcecode.cpp.cpp; name = "juce_AudioSubsectionReader.cpp"; path = "../../JuceLibraryCode/modules/juce_audio_formats/format/juce_AudioSubsectionReader.cpp"; sourceTree = "SOURCE_ROOT"; };
		7CECBA2F692056053164624A = {isa = PBXFileReference; lastKnownFileType = sourcecode.c.h; name = "juce_MemoryMappedAudioFormatReader.h"; path = "../../JuceLibraryCode/modules/juce_audio_formats/format/juce_MemoryMappedAudioFormatReader.h"; sourceTree = "SOURCE_ROOT"; };
		7D4AAB0FBF34C6B83C5043F4 = {isa = PBXFileReference; lastKnownFileType = sourcecode.c.h; name = "juce_IIRFilter.h"; path = "../../JuceLibraryCode/modules/juce_audio_basics/effects/juce_IIRFilter.h"; sourceTree = "SOURCE_ROOT"; };
		7EB8E573A87C5734B625E3DF = {isa = PBXFileReference; lastKnownFileType = sourcecode.cpp.cpp; name = "juce_MidiBuffer.cpp"; path = "../../JuceLibraryCode/modules/juce_audio_basics/midi/juce_MidiBuffer.cpp"; sourceTree = "SOURCE_ROOT"; };
		7F58A548C72F1CFAC14116E5 = {isa = PBXFileReference; lastKnownFileType = sourcecode.cpp.cpp; name = "juce_FileInputStream.cpp"; path = "../../JuceLibraryCode/modules/juce_core/files/juce_FileInputStream.cpp"; sourceTree = "SOURCE_ROOT"; };
		7F5C03B3273E109D1BCCB0BD = {isa = PBXFileReference; lastKnownFileType = sourcecode.cpp.objcpp; name = "juce_core.mm"; path = "../../JuceLibraryCode/modules/juce_core/juce_core.mm"; sourceTree = "SOURCE_ROOT"; };
		7FFA00B419D0CD2294B83950 = {isa = PBXFileReference; lastKnownFileType = sourcecode.c.h; name = "juce_ThreadPool.h"; path = "../../JuceLibraryCode/modules/juce_core/threads/juce_ThreadPool.h"; sourceTree = "SOURCE_ROOT"; };
		80381401BB3D9C9A1647EA1D = {isa = PBXFileReference; lastKnownFileType = sourcecode.cpp.cpp; name = "juce_GZIPDecompressorInputStream.cpp"; path = "../../JuceLibraryCode/modules/juce_core/zip/juce_GZIPDecompressorInputStream.cpp"; sourceTree = "SOURCE_ROOT"; };
		806667B80BBDEF243065EE75 = {isa = PBXFileReference; lastKnownFileType = sourcecode.c.h; name = "juce_CharPointer_ASCII.h"; path = "../../JuceLibraryCode/modules/juce_core/text/juce_CharPointer_ASCII.h"; sourceTree = "SOURCE_ROOT"; };
		8089CA73778F3B036DDD2F92 = {isa = PBXFileReference; lastKnownFileType = sourcecode.cpp.cpp; name = "juce_PerformanceCounter.cpp"; path = "../../JuceLibraryCode/modules/juce_core/time/juce_PerformanceCounter.cpp"; sourceTree = "SOURCE_ROOT"; };
		81587F5379398FCB78EC7607 = {isa = PBXFileReference; lastKnownFileType = sourcecode.c.h; name = "juce_UnitTest.h"; path = "../../JuceLibraryCode/modules/juce_core/unit_tests/juce_UnitTest.h"; sourceTree = "SOURCE_ROOT"; };
		830648CAF76EF9B7D3C7BFB3 = {isa = PBXFileReference; lastKnownFileType = sourcecode.c.h; name = "juce_MathsFunctions.h"; path = "../../JuceLibraryCode/modules/juce_core/maths/juce_MathsFunctions.h"; sourceTree = "SOURCE_ROOT"; };
		842E6A1DECDBAF15A7BDE3FA = {isa = PBXFileReference; lastKnownFileType = file.nib; name = RecentFilesMenuTemplate.nib; path = RecentFilesMenuTemplate.nib; sourceTree = "SOURCE_ROOT"; };
		85AE510A49DB0A01D9B1761B = {isa = PBXFileReference; lastKnownFileType = sourcecode.cpp.cpp; name = "juce_StringPool.cpp"; path = "../../JuceLibraryCode/modules/juce_core/text/juce_StringPool.cpp"; sourceTree = "SOURCE_ROOT"; };
		866107380D2F7C917E21CE26 = {isa = PBXFileReference; lastKnownFileType = sourcecode.c.h; name = "juce_NewLine.h"; path = "../../JuceLibraryCode/modules/juce_core/text/juce_NewLine.h"; sourceTree = "SOURCE_ROOT"; };
		86953BFCEE5BB509350639C0 = {isa = PBXFileReference; lastKnownFileType = sourcecode.c.h; name = "juce_WavAudioFormat.h"; path = "../../JuceLibraryCode/modules/juce_audio_formats/codecs/juce_WavAudioFormat.h"; sourceTree = "SOURCE_ROOT"; };
		8771AC7D4EB10E31E7D9F9BB = {isa = PBXFileReference; lastKnownFileType = sourcecode.c.h; name = AppConfig.h; path = ../../JuceLibraryCode/AppConfig.h; sourceTree = "SOURCE_ROOT"; };
		8780F705384C87E4C30C9D45 = {isa = PBXFileReference; lastKnownFileType = sourcecode.c.h; name = "juce_FlacAudioFormat.h"; path = "../../JuceLibraryCode/modules/juce_audio_formats/codecs/juce_FlacAudioFormat.h"; sourceTree = "SOURCE_ROOT"; };
		87A1A9D1BA2041CA52442CAF = {isa = PBXFileReference; lastKnownFileType = sourcecode.c.h; name = "juce_CoreAudioFormat.h"; path = "../../JuceLibraryCode/modules/juce_audio_formats/codecs/juce_CoreAudioFormat.h"; sourceTree = "SOURCE_ROOT"; };
		87EB1CFE53B344BA4A3FE8E6 = {isa = PBXFileReference; lastKnownFileType = sourcecode.c.h; name = "juce_FileFilter.h"; path = "../../JuceLibraryCode/modules/juce_core/files/juce_FileFilter.h"; sourceTree = "SOURCE_ROOT"; };
		893E63010F60647DB6A6AC06 = {isa = PBXFileReference; lastKnownFileType = wrapper.framework; name = AudioToolbox.framework; path = System/Library/Frameworks/AudioToolbox.framework; sourceTree = SDKROOT; };
		89EF5756DB9DCBDC16C7E3A4 = {isa = PBXFileReference; lastKnownFileType = sourcecode.cpp.cpp; name = "juce_String.cpp"; path = "../../JuceLibraryCode/modules/juce_core/text/juce_String.cpp"; sourceTree = "SOURCE_ROOT"; };
		8C2A6337E4CF172FAA60BA17 = {isa = PBXFileReference; lastKnownFileType = sourcecode.c.h; name = "juce_ReverbAudioSource.h"; path = "../../JuceLibraryCode/modules/juce_audio_basics/sources/juce_ReverbAudioSource.h"; sourceTree = "SOURCE_ROOT"; };
		8C4A0A6CBF5181E9774EF90E = {isa = PBXFileReference; lastKnownFileType = sourcecode.c.h; name = "juce_PlatformDefs.h"; path = "../../JuceLibraryCode/modules/juce_core/system/juce_PlatformDefs.h"; sourceTree = "SOURCE_ROOT"; };
		8C803FB5F8E6BE9F4E69C0FA = {isa = PBXFileReference; lastKnownFileType = sourcecode.cpp.cpp; name = "juce_BufferingAudioFormatReader.cpp"; path = "../../JuceLibraryCode/modules/juce_audio_formats/format/juce_BufferingAudioFormatReader.cpp"; sourceTree = "SOURCE_ROOT"; };
		8CB4C423D733A7842C024D04 = {isa = PBXFileReference; lastKnownFileType = sourcecode.c.h; name = "juce_AiffAudioFormat.h"; path = "../../JuceLibraryCode/modules/juce_audio_formats/codecs/juce_AiffAudioFormat.h"; sourceTree = "SOURCE_ROOT"; };
		8CD2301B4B84EB64E478D15D = {isa = PBXFileReference; lastKnownFileType = sourcecode.cpp.cpp; name = "juce_MemoryOutputStream.cpp"; path = "../../JuceLibraryCode/modules/juce_core/streams/juce_MemoryOutputStream.cpp"; sourceTree = "SOURCE_ROOT"; };
		8D5B378691ABD6844569C7EF = {isa = PBXFileReference; lastKnownFileType = sourcecode.c.h; name = "juce_core.h"; path = "../../JuceLibraryCode/modules/juce_core/juce_core.h"; sourceTree = "SOURCE_ROOT"; };
		8DA183249D186476E1E6EF5E = {isa = PBXFileReference; lastKnownFileType = sourcecode.cpp.cpp; name = "juce_JSON.cpp"; path = "../../JuceLibraryCode/modules/juce_core/javascript/juce_JSON.cpp"; sourceTree = "SOURCE_ROOT"; };
		8F477FB39229BBD26987EE85 = {isa = PBXFileReference; lastKnownFileType = sourcecode.cpp.cpp; name = "juce_AudioFormatWriter.cpp"; path = "../../JuceLibraryCode/modules/juce_audio_formats/format/juce_AudioFormatWriter.cpp"; sourceTree = "SOURCE_ROOT"; };
		8F4EAA5217255406043D4B81 = {isa = PBXFileReference; lastKnownFileType = sourcecode.cpp.cpp; name = "juce_ChildProcess.cpp"; path = "../../JuceLibraryCode/modules/juce_core/threads/juce_ChildProcess.cpp"; sourceTree = "SOURCE_ROOT"; };
		90300327AC408F7E300C25E3 = {isa = PBXFileReference; lastKnownFileType = sourcecode.cpp.cpp; name = "juce_ThreadPool.cpp"; path = "../../JuceLibraryCode/modules/juce_core/threads/juce_ThreadPool.cpp"; sourceTree = "SOURCE_ROOT"; };
		92D1461C163FE5C45EC9B8B3 = {isa = PBXFileReference; lastKnownFileType = sourcecode.c.h; name = "juce_AudioFormatManager.h"; path = "../../JuceLibraryCode/modules/juce_audio_formats/format/juce_AudioFormatManager.h"; sourceTree = "SOURCE_ROOT"; };
		9356265645F8AAC2E03F27EA = {isa = PBXFileReference; lastKnownFileType = sourcecode.cpp.cpp; name = "juce_HighResolutionTimer.cpp"; path = "../../JuceLibraryCode/modules/juce_core/threads/juce_HighResolutionTimer.cpp"; sourceTree = "SOURCE_ROOT"; };
		93908079AC98FD7BE41ABBE4 = {isa = PBXFileReference; lastKnownFileType = sourcecode.c.h; name = "juce_MemoryMappedFile.h"; path = "../../JuceLibraryCode/modules/juce_core/files/juce_MemoryMappedFile.h"; sourceTree = "SOURCE_ROOT"; };
		94183543DCA0A786A1A8123A = {isa = PBXFileReference; lastKnownFileType = sourcecode.c.h; name = "juce_IPAddress.h"; path = "../../JuceLibraryCode/modules/juce_core/network/juce_IPAddress.h"; sourceTree = "SOURCE_ROOT"; };
		9446DCD6D752198F6B1E87B1 = {isa = PBXFileReference; lastKnownFileType = sourcecode.cpp.cpp; name = "juce_android_Files.cpp"; path = "../../JuceLibraryCode/modules/juce_core/native/juce_android_Files.cpp"; sourceTree = "SOURCE_ROOT"; };
		9459BBB1304998A52B91568A = {isa = PBXFileReference; lastKnownFileType = sourcecode.cpp.cpp; name = "juce_AudioSampleBuffer.cpp"; path = "../../JuceLibraryCode/modules/juce_audio_basics/buffers/juce_AudioSampleBuffer.cpp"; sourceTree = "SOURCE_ROOT"; };
		9519CC192719708278384293 = {isa = PBXFileReference; lastKnownFileType = sourcecode.c.h; name = "juce_ScopedWriteLock.h"; path = "../../JuceLibraryCode/modules/juce_core/threads/juce_ScopedWriteLock.h"; sourceTree = "SOURCE_ROOT"; };
		951B87177D700B50A2677DFD = {isa = PBXFileReference; lastKnownFileType = sourcecode.c.h; name = "juce_ChildProcess.h"; path = "../../JuceLibraryCode/modules/juce_core/threads/juce_ChildProcess.h"; sourceTree = "SOURCE_ROOT"; };
		96863076C11A4DB757F54CB1 = {isa = PBXFileReference; lastKnownFileType = sourcecode.c.h; name = "juce_ResamplingAudioSource.h"; path = "../../JuceLibraryCode/modules/juce_audio_basics/sources/juce_ResamplingAudioSource.h"; sourceTree = "SOURCE_ROOT"; };
		96AE806C850B68C584C5D0AE = {isa = PBXFileReference; lastKnownFileType = sourcecode.c.h; name = "juce_InterProcessLock.h"; path = "../../JuceLibraryCode/modules/juce_core/threads/juce_InterProcessLock.h"; sourceTree = "SOURCE_ROOT"; };
		97788DC8F9BC5869016831A7 = {isa = PBXFileReference; lastKnownFileType = sourcecode.cpp.cpp; name = "juce_LocalisedStrings.cpp"; path = "../../JuceLibraryCode/modules/juce_core/text/juce_LocalisedStrings.cpp"; sourceTree = "SOURCE_ROOT"; };
		977A01BE2A4C6782F96DBC12 = {isa = PBXFileReference; lastKnownFileType = sourcecode.c.h; name = "juce_MemoryBlock.h"; path = "../../JuceLibraryCode/modules/juce_core/memory/juce_MemoryBlock.h"; sourceTree = "SOURCE_ROOT"; };
		97CE5272F7C301778D0C45AD = {isa = PBXFileReference; lastKnownFileType = sourcecode.cpp.cpp; name = "juce_AudioDataConverters.cpp"; path = "../../JuceLibraryCode/modules/juce_audio_basics/buffers/juce_AudioDataConverters.cpp"; sourceTree = "SOURCE_ROOT"; };
		9843CDBEDBA1C933377FF1F9 = {isa = PBXFileReference; lastKnownFileType = sourcecode.cpp.cpp; name = "juce_ZipFile.cpp"; path = "../../JuceLibraryCode/modules/juce_core/zip/juce_ZipFile.cpp"; sourceTree = "SOURCE_ROOT"; };
		98704C01FA87F4C705BE10C0 = {isa = PBXFileReference; lastKnownFileType = sourcecode.cpp.cpp; name = "juce_WavAudioFormat.cpp"; path = "../../JuceLibraryCode/modules/juce_audio_formats/codecs/juce_WavAudioFormat.cpp"; sourceTree = "SOURCE_ROOT"; };
		99C4079F05230885D7691ECC = {isa = PBXFileReference; lastKnownFileType = sourcecode.cpp.cpp; name = "juce_NamedValueSet.cpp"; path = "../../JuceLibraryCode/modules/juce_core/containers/juce_NamedValueSet.cpp"; sourceTree = "SOURCE_ROOT"; };
		99E218273ADB4322CD4FBDD3 = {isa = PBXFileReference; lastKnownFileType = sourcecode.cpp.cpp; name = "juce_ReverbAudioSource.cpp"; path = "../../JuceLibraryCode/modules/juce_audio_basics/sources/juce_ReverbAudioSource.cpp"; sourceTree = "SOURCE_ROOT"; };
		9DF45E88AF65213B458D1705 = {isa = PBXFileReference; lastKnownFileType = sourcecode.cpp.cpp; name = "juce_Variant.cpp"; path = "../../JuceLibraryCode/modules/juce_core/containers/juce_Variant.cpp"; sourceTree = "SOURCE_ROOT"; };
		A0DE0D51C27763ECA68A8C4A = {isa = PBXFileReference; lastKnownFileType = sourcecode.cpp.objcpp; name = "juce_mac_Files.mm"; path = "../../JuceLibraryCode/modules/juce_core/native/juce_mac_Files.mm"; sourceTree = "SOURCE_ROOT"; };
		A0F38B188F78B5B6FDB784FD = {isa = PBXFileReference; lastKnownFileType = sourcecode.c.h; name = "juce_WindowsRegistry.h"; path = "../../JuceLibraryCode/modules/juce_core/misc/juce_WindowsRegistry.h"; sourceTree = "SOURCE_ROOT"; };
		A267EFEC6223337D303C3149 = {isa = PBXFileReference; lastKnownFileType = sourcecode.c.h; name = "juce_Array.h"; path = "../../JuceLibraryCode/modules/juce_core/containers/juce_Array.h"; sourceTree = "SOURCE_ROOT"; };
		A2AAC4059294075B68D2C4E1 = {isa = PBXFileReference; lastKnownFileType = sourcecode.c.h; name = "juce_Time.h"; path = "../../JuceLibraryCode/modules/juce_core/time/juce_Time.h"; sourceTree = "SOURCE_ROOT"; };
		A32AB218BC7CDD8BE685862F = {isa = PBXFileReference; lastKnownFileType = sourcecode.c.h; name = "juce_HashMap.h"; path = "../../JuceLibraryCode/modules/juce_core/containers/juce_HashMap.h"; sourceTree = "SOURCE_ROOT"; };
		A34976F668690C3FDC9860BF = {isa = PBXFileReference; lastKnownFileType = sourcecode.cpp.objcpp; name = "juce_mac_Strings.mm"; path = "../../JuceLibraryCode/modules/juce_core/native/juce_mac_Strings.mm"; sourceTree = "SOURCE_ROOT"; };
		A3CB6E7628A1A0EA674A7FBF = {isa = PBXFileReference; lastKnownFileType = sourcecode.c.h; name = "juce_ZipFile.h"; path = "../../JuceLibraryCode/modules/juce_core/zip/juce_ZipFile.h"; sourceTree = "SOURCE_ROOT"; };
		A4A8E401FE128305AF1D786A = {isa = PBXFileReference; lastKnownFileType = sourcecode.c.h; name = "juce_Socket.h"; path = "../../JuceLibraryCode/modules/juce_core/network/juce_Socket.h"; sourceTree = "SOURCE_ROOT"; };
		A6889050A08E58E9CD8CBA75 = {isa = PBXFileReference; lastKnownFileType = sourcecode.c.h; name = "juce_File.h"; path = "../../JuceLibraryCode/modules/juce_core/files/juce_File.h"; sourceTree = "SOURCE_ROOT"; };
		A71620EFE198C4824E26B456 = {isa = PBXFileReference; lastKnownFileType = sourcecode.c.h; name = "juce_MidiBuffer.h"; path = "../../JuceLibraryCode/modules/juce_audio_basics/midi/juce_MidiBuffer.h"; sourceTree = "SOURCE_ROOT"; };
		A77ABB9FD1D7AE183FEED7D9 = {isa = PBXFileReference; lastKnownFileType = sourcecode.c.h; name = "juce_CharPointer_UTF8.h"; path = "../../JuceLibraryCode/modules/juce_core/text/juce_CharPointer_UTF8.h"; sourceTree = "SOURCE_ROOT"; };
		A8205B673B41C195373C502B = {isa = PBXFileReference; lastKnownFileType = sourcecode.cpp.cpp; name = "juce_Thread.cpp"; path = "../../JuceLibraryCode/modules/juce_core/threads/juce_Thread.cpp"; sourceTree = "SOURCE_ROOT"; };
		A999F4771B1F96B43342368F = {isa = PBXFileReference; lastKnownFileType = sourcecode.c.h; name = "juce_ContainerDeletePolicy.h"; path = "../../JuceLibraryCode/modules/juce_core/memory/juce_ContainerDeletePolicy.h"; sourceTree = "SOURCE_ROOT"; };
		AAA2DAAAB5F8E0C79C2A8ECA = {isa = PBXFileReference; lastKnownFileType = sourcecode.c.h; name = "juce_FileInputStream.h"; path = "../../JuceLibraryCode/modules/juce_core/files/juce_FileInputStream.h"; sourceTree = "SOURCE_ROOT"; };
		AB268385EF601CBBB2356BA2 = {isa = PBXFileReference; lastKnownFileType = sourcecode.c.h; name = "juce_JSON.h"; path = "../../JuceLibraryCode/modules/juce_core/javascript/juce_JSON.h"; sourceTree = "SOURCE_ROOT"; };
		AB926508EE446776F350C7E4 = {isa = PBXFileReference; lastKnownFileType = sourcecode.c.h; name = "juce_FileOutputStream.h"; path = "../../JuceLibraryCode/modules/juce_core/files/juce_FileOutputStream.h"; sourceTree = "SOURCE_ROOT"; };
		ABFAA5F763229C507BF2AE71 = {isa = PBXFileReference; lastKnownFileType = sourcecode.c.h; name = "juce_TimeSliceThread.h"; path = "../../JuceLibraryCode/modules/juce_core/threads/juce_TimeSliceThread.h"; sourceTree = "SOURCE_ROOT"; };
		ADDE0A5CEE6CD36D2A2C21D1 = {isa = PBXFileReference; lastKnownFileType = sourcecode.c.h; name = "juce_NamedPipe.h"; path = "../../JuceLibraryCode/modules/juce_core/network/juce_NamedPipe.h"; sourceTree = "SOURCE_ROOT"; };
		AE0FFBAE5FB740810EA6D1B5 = {isa = PBXFileReference; lastKnownFileType = sourcecode.cpp.cpp; name = "juce_android_Network.cpp"; path = "../../JuceLibraryCode/modules/juce_core/native/juce_android_Network.cpp"; sourceTree = "SOURCE_ROOT"; };
		AF7D649407C3FD9F3BC33AC0 = {isa = PBXFileReference; lastKnownFileType = sourcecode.cpp.cpp; name = "juce_Sampler.cpp"; path = "../../JuceLibraryCode/modules/juce_audio_formats/sampler/juce_Sampler.cpp"; sourceTree = "SOURCE_ROOT"; };
		AF8AB2504261855AF9F7CAE7 = {isa = PBXFileReference; lastKnownFileType = sourcecode.c.h; name = "juce_MidiKeyboardState.h"; path = "../../JuceLibraryCode/modules/juce_audio_basics/midi/juce_MidiKeyboardState.h"; sourceTree = "SOURCE_ROOT"; };
		AFCE77112A3C06D80D9BAA5D = {isa = PBXFileReference; lastKnownFileType = sourcecode.cpp.cpp; name = "juce_Javascript.cpp"; path = "../../JuceLibraryCode/modules/juce_core/javascript/juce_Javascript.cpp"; sourceTree = "SOURCE_ROOT"; };
		B03EAC70DE3EEFAECC31E245 = {isa = PBXFileReference; lastKnownFileType = sourcecode.c.h; name = "juce_Result.h"; path = "../../JuceLibraryCode/modules/juce_core/misc/juce_Result.h"; sourceTree = "SOURCE_ROOT"; };
		B0DF8690AD31247BD5E5BEEC = {isa = PBXFileReference; lastKnownFileType = sourcecode.c.h; name = "juce_ElementComparator.h"; path = "../../JuceLibraryCode/modules/juce_core/containers/juce_ElementComparator.h"; sourceTree = "SOURCE_ROOT"; };
		B113BC52CF555568E0E80815 = {isa = PBXFileReference; lastKnownFileType = sourcecode.c.h; name = "juce_DirectoryIterator.h"; path = "../../JuceLibraryCode/modules/juce_core/files/juce_DirectoryIterator.h"; sourceTree = "SOURCE_ROOT"; };
		B21094409063A08AA5032898 = {isa = PBXFileReference; lastKnownFileType = sourcecode.c.h; name = "juce_FileLogger.h"; path = "../../JuceLibraryCode/modules/juce_core/logging/juce_FileLogger.h"; sourceTree = "SOURCE_ROOT"; };
		B2C34017D9C0EA328DE29BCE = {isa = PBXFileReference; lastKnownFileType = sourcecode.c.h; name = "juce_PropertySet.h"; path = "../../JuceLibraryCode/modules/juce_core/containers/juce_PropertySet.h"; sourceTree = "SOURCE_ROOT"; };
		B39E28ADCB937A56A68BC0B7 = {isa = PBXFileReference; lastKnownFileType = sourcecode.cpp.cpp; name = "juce_Identifier.cpp"; path = "../../JuceLibraryCode/modules/juce_core/text/juce_Identifier.cpp"; sourceTree = "SOURCE_ROOT"; };
		B4088B04A3CB669A415727B0 = {isa = PBXFileReference; lastKnownFileType = sourcecode.c.h; name = "juce_Variant.h"; path = "../../JuceLibraryCode/modules/juce_core/containers/juce_Variant.h"; sourceTree = "SOURCE_ROOT"; };
		B4C70015883410A884886CDB = {isa = PBXFileReference; lastKnownFileType = sourcecode.cpp.cpp; name = "juce_AiffAudioFormat.cpp"; path = "../../JuceLibraryCode/modules/juce_audio_formats/codecs/juce_AiffAudioFormat.cpp"; sourceTree = "SOURCE_ROOT"; };
		B4D42422A43AC4BD9CBF7214 = {isa = PBXFileReference; lastKnownFileType = sourcecode.c.h; name = "juce_AudioFormatWriter.h"; path = "../../JuceLibraryCode/modules/juce_audio_formats/format/juce_AudioFormatWriter.h"; sourceTree = "SOURCE_ROOT"; };
		B50EE8DCD1B052DF6D15145A = {isa = PBXFileReference; lastKnownFileType = sourcecode.cpp.cpp; name = "juce_ToneGeneratorAudioSource.cpp"; path = "../../JuceLibraryCode/modules/juce_audio_basics/sources/juce_ToneGeneratorAudioSource.cpp"; sourceTree = "SOURCE_ROOT"; };
		B6B8D4B12D20F52FDB3DA921 = {isa = PBXFileReference; lastKnownFileType = sourcecode.c.h; name = "juce_StringRef.h"; path = "../../JuceLibraryCode/modules/juce_core/text/juce_StringRef.h"; sourceTree = "SOURCE_ROOT"; };
		B9BD96B629641987663ED187 = {isa = PBXFileReference; lastKnownFileType = sourcecode.c.h; name = "juce_SubregionStream.h"; path = "../../JuceLibraryCode/modules/juce_core/streams/juce_SubregionStream.h"; sourceTree = "SOURCE_ROOT"; };
		BAECABEFD64C19D474056CD9 = {isa = PBXFileReference; lastKnownFileType = sourcecode.c.h; name = "juce_DynamicObject.h"; path = "../../JuceLibraryCode/modules/juce_core/containers/juce_DynamicObject.h"; sourceTree = "SOURCE_ROOT"; };
		BB121788B321165540EE66A2 = {isa = PBXFileReference; lastKnownFileType = sourcecode.c.h; name = "juce_String.h"; path = "../../JuceLibraryCode/modules/juce_core/text/juce_String.h"; sourceTree = "SOURCE_ROOT"; };
		BB6707C51F5876EE6EC3EE4E = {isa = PBXFileReference; lastKnownFileType = sourcecode.cpp.cpp; name = "juce_MidiFile.cpp"; path = "../../JuceLibraryCode/modules/juce_audio_basics/midi/juce_MidiFile.cpp"; sourceTree = "SOURCE_ROOT"; };
		BC3AEC4EE68B01EF3D0040F3 = {isa = PBXFileReference; lastKnownFileType = sourcecode.c.h; name = "juce_AudioSampleBuffer.h"; path = "../../JuceLibraryCode/modules/juce_audio_basics/buffers/juce_AudioSampleBuffer.h"; sourceTree = "SOURCE_ROOT"; };
		BC79D877ADC9934CC3C582E6 = {isa = PBXFileReference; lastKnownFileType = sourcecode.c.h; name = "juce_InputSource.h"; path = "../../JuceLibraryCode/modules/juce_core/streams/juce_InputSource.h"; sourceTree = "SOURCE_ROOT"; };
		BDC3DD82BC62CC3E4E42EF68 = {isa = PBXFileReference; lastKnownFileType = sourcecode.cpp.cpp; name = "juce_LagrangeInterpolator.cpp"; path = "../../JuceLibraryCode/modules/juce_audio_basics/effects/juce_LagrangeInterpolator.cpp"; sourceTree = "SOURCE_ROOT"; };
		BE84FB90BCAA7C98BE9DD1C8 = {isa = PBXFileReference; lastKnownFileType = sourcecode.c.h; name = "juce_Sampler.h"; path = "../../JuceLibraryCode/modules/juce_audio_formats/sampler/juce_Sampler.h"; sourceTree = "SOURCE_ROOT"; };
		BEB82020BB8DBE3F4D91CF9D = {isa = PBXFileReference; lastKnownFileType = sourcecode.cpp.cpp; name = "juce_FileLogger.cpp"; path = "../../JuceLibraryCode/modules/juce_core/logging/juce_FileLogger.cpp"; sourceTree = "SOURCE_ROOT"; };
		C0D2BB72607378FBC4EC2D8E = {isa = PBXFileReference; lastKnownFileType = sourcecode.c.h; name = "juce_Javascript.h"; path = "../../JuceLibraryCode/modules/juce_core/javascript/juce_Javascript.h"; sourceTree = "SOURCE_ROOT"; };
		C32DA8179541D5B6BE16FE32 = {isa = PBXFileReference; lastKnownFileType = sourcecode.c.h; name = "juce_Decibels.h"; path = "../../JuceLibraryCode/modules/juce_audio_basics/effects/juce_Decibels.h"; sourceTree = "SOURCE_ROOT"; };
		C56144DA62DCB3286ADE8D55 = {isa = PBXFileReference; lastKnownFileType = sourcecode.cpp.cpp; name = "juce_MACAddress.cpp"; path = "../../JuceLibraryCode/modules/juce_core/network/juce_MACAddress.cpp"; sourceTree = "SOURCE_ROOT"; };
		C5F6BCAF0BCE98B09E52FD44 = {isa = PBXFileReference; lastKnownFileType = sourcecode.cpp.cpp; name = "juce_MemoryInputStream.cpp"; path = "../../JuceLibraryCode/modules/juce_core/streams/juce_MemoryInputStream.cpp"; sourceTree = "SOURCE_ROOT"; };
		C73F3EEF2C04783B0FE36F86 = {isa = PBXFileReference; lastKnownFileType = sourcecode.c.h; name = "juce_Expression.h"; path = "../../JuceLibraryCode/modules/juce_core/maths/juce_Expression.h"; sourceTree = "SOURCE_ROOT"; };
		CA16306510268342E17A8420 = {isa = PBXFileReference; lastKnownFileType = sourcecode.cpp.cpp; name = "juce_Logger.cpp"; path = "../../JuceLibraryCode/modules/juce_core/logging/juce_Logger.cpp"; sourceTree = "SOURCE_ROOT"; };
		CA6E3B01BA6E7CECF5AB9FA6 = {isa = PBXFileReference; lastKnownFileType = sourcecode.c.h; name = "juce_ByteOrder.h"; path = "../../JuceLibraryCode/modules/juce_core/memory/juce_ByteOrder.h"; sourceTree = "SOURCE_ROOT"; };
		CAA794CF3C460A0D0360CD2B = {isa = PBXFileReference; lastKnownFileType = wrapper.framework; name = Cocoa.framework; path = System/Library/Frameworks/Cocoa.framework; sourceTree = SDKROOT; };
		CD7D4E7E54C617F0BF64DA69 = {isa = PBXFileReference; lastKnownFileType = sourcecode.cpp.cpp; name = "juce_TextDiff.cpp"; path = "../../JuceLibraryCode/modules/juce_core/text/juce_TextDiff.cpp"; sourceTree = "SOURCE_ROOT"; };
		CE79007DDBC5D9C4086403C0 = {isa = PBXFileReference; lastKnownFileType = sourcecode.c.h; name = "juce_Uuid.h"; path = "../../JuceLibraryCode/modules/juce_core/misc/juce_Uuid.h"; sourceTree = "SOURCE_ROOT"; };
		D402BB8F84F0F8552E001D58 = {isa = PBXFileReference; lastKnownFileType = sourcecode.c.h; name = "juce_CharPointer_UTF32.h"; path = "../../JuceLibraryCode/modules/juce_core/text/juce_CharPointer_UTF32.h"; sourceTree = "SOURCE_ROOT"; };
		D512A29DB55A81A5E988F137 = {isa = PBXFileReference; lastKnownFileType = sourcecode.cpp.objcpp; name = "juce_audio_formats.mm"; path = "../../JuceLibraryCode/modules/juce_audio_formats/juce_audio_formats.mm"; sourceTree = "SOURCE_ROOT"; };
		D62C6D99099E7FA58355107A = {isa = PBXFileReference; lastKnownFileType = file; name = "juce_module_info"; path = "../../JuceLibraryCode/modules/juce_audio_basics/juce_module_info"; sourceTree = "SOURCE_ROOT"; };
		DA01E066ECCBA147018301B4 = {isa = PBXFileReference; lastKnownFileType = sourcecode.cpp.cpp; name = "juce_BufferedInputStream.cpp"; path = "../../JuceLibraryCode/modules/juce_core/streams/juce_BufferedInputStream.cpp"; sourceTree = "SOURCE_ROOT"; };
		DA253CF097A9B4559380DAB1 = {isa = PBXFileReference; lastKnownFileType = sourcecode.c.h; name = "juce_Range.h"; path = "../../JuceLibraryCode/modules/juce_core/maths/juce_Range.h"; sourceTree = "SOURCE_ROOT"; };
		DBAF7DF50966EB574C6B65A0 = {isa = PBXFileReference; lastKnownFileType = sourcecode.c.h; name = "juce_ScopedReadLock.h"; path = "../../JuceLibraryCode/modules/juce_core/threads/juce_ScopedReadLock.h"; sourceTree = "SOURCE_ROOT"; };
		DC868D42AC4C678E36FDC76D = {isa = PBXFileReference; lastKnownFileType = sourcecode.c.h; name = "juce_MidiMessageSequence.h"; path = "../../JuceLibraryCode/modules/juce_audio_basics/midi/juce_MidiMessageSequence.h"; sourceTree = "SOURCE_ROOT"; };
		DE2FFAB4D5140EABBB4D2771 = {isa = PBXFileReference; lastKnownFileType = sourcecode.cpp.cpp; name = "juce_PropertySet.cpp"; path = "../../JuceLibraryCode/modules/juce_core/containers/juce_PropertySet.cpp"; sourceTree = "SOURCE_ROOT"; };
		DF5CD3FC7068B7F31873C924 = {isa = PBXFileReference; lastKnownFileType = sourcecode.cpp.cpp; name = "juce_IPAddress.cpp"; path = "../../JuceLibraryCode/modules/juce_core/network/juce_IPAddress.cpp"; sourceTree = "SOURCE_ROOT"; };
		E0594186AAF005FAD50A2BA6 = {isa = PBXFileReference; lastKnownFileType = sourcecode.cpp.cpp; name = "juce_linux_Files.cpp"; path = "../../JuceLibraryCode/modules/juce_core/native/juce_linux_Files.cpp"; sourceTree = "SOURCE_ROOT"; };
		E0C88B7AAB479A0573D1A8FA = {isa = PBXFileReference; lastKnownFileType = sourcecode.c.h; name = "juce_Identifier.h"; path = "../../JuceLibraryCode/modules/juce_core/text/juce_Identifier.h"; sourceTree = "SOURCE_ROOT"; };
		E1EB71DB8CF7A486EC0E09A8 = {isa = PBXFileReference; lastKnownFileType = sourcecode.c.h; name = "juce_WildcardFileFilter.h"; path = "../../JuceLibraryCode/modules/juce_core/files/juce_WildcardFileFilter.h"; sourceTree = "SOURCE_ROOT"; };
		E3329D3C4D92B6EA609E67C8 = {isa = PBXFileReference; lastKnownFileType = file; name = "juce_module_info"; path = "../../JuceLibraryCode/modules/juce_audio_formats/juce_module_info"; sourceTree = "SOURCE_ROOT"; };
		E3E03D8A357AB04A4615DE10 = {isa = PBXFileReference; lastKnownFileType = sourcecode.c.h; name = "juce_ScopedLock.h"; path = "../../JuceLibraryCode/modules/juce_core/threads/juce_ScopedLock.h"; sourceTree = "SOURCE_ROOT"; };
		E56940418822CC5567BB6DA2 = {isa = PBXFileReference; lastKnownFileType = sourcecode.cpp.cpp; name = "juce_Result.cpp"; path = "../../JuceLibraryCode/modules/juce_core/misc/juce_Result.cpp"; sourceTree = "SOURCE_ROOT"; };
		E597CEF860578603C92E6E37 = {isa = PBXFileReference; lastKnownFileType = sourcecode.c.h; name = "juce_TargetPlatform.h"; path = "../../JuceLibraryCode/modules/juce_core/system/juce_TargetPlatform.h"; sourceTree = "SOURCE_ROOT"; };
		EB5678B47D55342A7C2BB30E = {isa = PBXFileReference; lastKnownFileType = sourcecode.cpp.cpp; name = "juce_FileSearchPath.cpp"; path = "../../JuceLibraryCode/modules/juce_core/files/juce_FileSearchPath.cpp"; sourceTree = "SOURCE_ROOT"; };
		ECA1A80D06A9C41174B2AEDE = {isa = PBXFileReference; lastKnownFileType = sourcecode.cpp.cpp; name = "juce_Socket.cpp"; path = "../../JuceLibraryCode/modules/juce_core/network/juce_Socket.cpp"; sourceTree = "SOURCE_ROOT"; };
		ECCF0BA7374552322B3772B2 = {isa = PBXFileReference; lastKnownFileType = sourcecode.c.h; name = "juce_SpinLock.h"; path = "../../JuceLibraryCode/modules/juce_core/threads/juce_SpinLock.h"; sourceTree = "SOURCE_ROOT"; };
		EE6E333284956B64141D3AE4 = {isa = PBXFileReference; lastKnownFileType = sourcecode.c.h; name = "juce_GZIPDecompressorInputStream.h"; path = "../../JuceLibraryCode/modules/juce_core/zip/juce_GZIPDecompressorInputStream.h"; sourceTree = "SOURCE_ROOT"; };
		EF2F3F4910871D2102656047 = {isa = PBXFileReference; lastKnownFileType = sourcecode.cpp.cpp; name = "juce_Random.cpp"; path = "../../JuceLibraryCode/modules/juce_core/maths/juce_Random.cpp"; sourceTree = "SOURCE_ROOT"; };
		EF363515B7662159E52A8E7E = {isa = PBXFileReference; lastKnownFileType = sourcecode.cpp.cpp; name = "juce_MemoryBlock.cpp"; path = "../../JuceLibraryCode/modules/juce_core/memory/juce_MemoryBlock.cpp"; sourceTree = "SOURCE_ROOT"; };
		EFCA9A8183E09B3EC36C5BF2 = {isa = PBXFileReference; lastKnownFileType = sourcecode.c.h; name = "juce_StringArray.h"; path = "../../JuceLibraryCode/modules/juce_core/text/juce_StringArray.h"; sourceTree = "SOURCE_ROOT"; };
		EFED1E85C96893FC7A59BAAA = {isa = PBXFileReference; lastKnownFileType = sourcecode.cpp.cpp; name = "juce_Synthesiser.cpp"; path = "../../JuceLibraryCode/modules/juce_audio_basics/synthesisers/juce_Synthesiser.cpp"; sourceTree = "SOURCE_ROOT"; };
		F150D14B84DDB505B3B05B3A = {isa = PBXFileReference; lastKnownFileType = sourcecode.cpp.cpp; name = "juce_DirectoryIterator.cpp"; path = "../../JuceLibraryCode/modules/juce_core/files/juce_DirectoryIterator.cpp"; sourceTree = "SOURCE_ROOT"; };
		F19F670F934FB97353377F12 = {isa = PBXFileReference; lastKnownFileType = sourcecode.c.h; name = "juce_WeakReference.h"; path = "../../JuceLibraryCode/modules/juce_core/memory/juce_WeakReference.h"; sourceTree = "SOURCE_ROOT"; };
		F45C156F6C9A4CB921448862 = {isa = PBXFileReference; lastKnownFileType = sourcecode.cpp.cpp; name = "juce_NamedPipe.cpp"; path = "../../JuceLibraryCode/modules/juce_core/network/juce_NamedPipe.cpp"; sourceTree = "SOURCE_ROOT"; };
		F4C2EA823D4F6CCE075CC049 = {isa = PBXFileReference; lastKnownFileType = sourcecode.c.h; name = "juce_QuickTimeAudioFormat.h"; path = "../../JuceLibraryCode/modules/juce_audio_formats/codecs/juce_QuickTimeAudioFormat.h"; sourceTree = "SOURCE_ROOT"; };
		F63983A7D6464E5FAA8927C4 = {isa = PBXFileReference; lastKnownFileType = sourcecode.c.h; name = "juce_AudioSubsectionReader.h"; path = "../../JuceLibraryCode/modules/juce_audio_formats/format/juce_AudioSubsectionReader.h"; sourceTree = "SOURCE_ROOT"; };
		F79BEB7D59556E7078F18A57 = {isa = PBXFileReference; lastKnownFileType = sourcecode.cpp.cpp; name = "juce_WildcardFileFilter.cpp"; path = "../../JuceLibraryCode/modules/juce_core/files/juce_WildcardFileFilter.cpp"; sourceTree = "SOURCE_ROOT"; };
		F8366E249935A3976F0683EE = {isa = PBXFileReference; lastKnownFileType = sourcecode.c.h; name = "juce_FloatVectorOperations.h"; path = "../../JuceLibraryCode/modules/juce_audio_basics/buffers/juce_FloatVectorOperations.h"; sourceTree = "SOURCE_ROOT"; };
		F940E2F0683AD00261F7DE65 = {isa = PBXFileReference; lastKnownFileType = sourcecode.c.h; name = "juce_AudioFormatReader.h"; path = "../../JuceLibraryCode/modules/juce_audio_formats/format/juce_AudioFormatReader.h"; sourceTree = "SOURCE_ROOT"; };
		F990ECDDC9D317828F98D616 = {isa = PBXFileReference; lastKnownFileType = sourcecode.cpp.cpp; name = "juce_AudioFormatManager.cpp"; path = "../../JuceLibraryCode/modules/juce_audio_formats/format/juce_AudioFormatManager.cpp"; sourceTree = "SOURCE_ROOT"; };
		FB65FC7B55181B0F4342F7BC = {isa = PBXFileReference; lastKnownFileType = sourcecode.cpp.cpp; name = "juce_FileOutputStream.cpp"; path = "../../JuceLibraryCode/modules/juce_core/files/juce_FileOutputStream.cpp"; sourceTree = "SOURCE_ROOT"; };
		FB7029AF24484B291384B46D = {isa = PBXFileReference; lastKnownFileType = sourcecode.c.h; name = "juce_Reverb.h"; path = "../../JuceLibraryCode/modules/juce_audio_basics/effects/juce_Reverb.h"; sourceTree = "SOURCE_ROOT"; };
		FCD206E5C900C8B16F322129 = {isa = PBXFileReference; lastKnownFileType = sourcecode.c.h; name = "juce_Singleton.h"; path = "../../JuceLibraryCode/modules/juce_core/memory/juce_Singleton.h"; sourceTree = "SOURCE_ROOT"; };
		FD72C2C5D00D6176C98608BD = {isa = PBXFileReference; lastKnownFileType = wrapper.framework; name = CoreMIDI.framework; path = System/Library/Frameworks/CoreMIDI.framework; sourceTree = SDKROOT; };
		D969D7610C30D44FC0DDBB44 = {isa = PBXFileReference; explicitFileType = "compiled.mach-o.executable"; includeInIndex = 0; path = AudioFileLineUp; sourceTree = "BUILT_PRODUCTS_DIR"; };
		FBD7388247AB7A40725A7957 = {isa = PBXFileReference; lastKnownFileType = sourcecode.c.h; name = "juce_LAMEEncoderAudioFormat.h"; path = "../../JuceLibraryCode/modules/juce_audio_formats/codecs/juce_LAMEEncoderAudioFormat.h"; sourceTree = "SOURCE_ROOT"; };
		FD0CC895E455AA7020C38C85 = {isa = PBXFileReference; lastKnownFileType = sourcecode.cpp.cpp; name = "juce_linux_Network.cpp"; path = "../../JuceLibraryCode/modules/juce_core/native/juce_linux_Network.cpp"; sourceTree = "SOURCE_ROOT"; };
		FDA24C44547D6091AFF01712 = {isa = PBXFileReference; lastKnownFileType = sourcecode.cpp.cpp; name = "juce_ChannelRemappingAudioSource.cpp"; path = "../../JuceLibraryCode/modules/juce_audio_basics/sources/juce_ChannelRemappingAudioSource.cpp"; sourceTree = "SOURCE_ROOT"; };
		FDED069FD66E83669E477900 = {isa = PBXFileReference; lastKnownFileType = sourcecode.c.h; name = "juce_BufferedInputStream.h"; path = "../../JuceLibraryCode/modules/juce_core/streams/juce_BufferedInputStream.h"; sourceTree = "SOURCE_ROOT"; };
		FE2E7A759707139122A1B7F6 = {isa = PBXFileReference; lastKnownFileType = sourcecode.cpp.cpp; name = "juce_MixerAudioSource.cpp"; path = "../../JuceLibraryCode/modules/juce_audio_basics/sources/juce_MixerAudioSource.cpp"; sourceTree = "SOURCE_ROOT"; };
		B1212F0BAEE007C4BC6EF874 = {isa = PBXGroup; children = (
					76196636FB01807B6F289658, ); name = Source; sourceTree = "<group>"; };
		2345076369441040898BE421 = {isa = PBXGroup; children = (
					B1212F0BAEE007C4BC6EF874, ); name = AudioFileLineUp; sourceTree = "<group>"; };
		933BBA4DF46A890531B2EA12 = {isa = PBXGroup; children = (
					97CE5272F7C301778D0C45AD,
					7BE7F3613271A2CF28BF2FFD,
					9459BBB1304998A52B91568A,
					BC3AEC4EE68B01EF3D0040F3,
					4A2DBB401FD3E990D5E43FA8,
					F8366E249935A3976F0683EE, ); name = buffers; sourceTree = "<group>"; };
		C3A86A40A3077B17C4D63D7D = {isa = PBXGroup; children = (
					7EB8E573A87C5734B625E3DF,
					A71620EFE198C4824E26B456,
					BB6707C51F5876EE6EC3EE4E,
					1FEEABC96A15AA5F353269CE,
					2D6AD48E0818A26D683C0C9B,
					AF8AB2504261855AF9F7CAE7,
					5C246C8C0CBA35FD3D59E6FF,
					1ACD2F990CBD823810C88EE7,
					6DCF158B5F9889A36CD76357,
					DC868D42AC4C678E36FDC76D, ); name = midi; sourceTree = "<group>"; };
		E041FAAFE5D6B995DEEEA8CA = {isa = PBXGroup; children = (
					C32DA8179541D5B6BE16FE32,
					3A199DD427425A9EB761D2C7,
					7D4AAB0FBF34C6B83C5043F4,
					BDC3DD82BC62CC3E4E42EF68,
					1155407CDEA8D5CF30017F49,
					FB7029AF24484B291384B46D, ); name = effects; sourceTree = "<group>"; };
		FE82BEC5234D63A60E53B90F = {isa = PBXGroup; children = (
					1D845B51E582B9B28DBBC247,
					732B8C677D0B54BA2B55C4B6,
					30EC5B603D3AAEB20FA1F16D,
					FDA24C44547D6091AFF01712,
					5D0DD718975F9AD8BE9B98A9,
					212A0CADC54DE5411CCF6B42,
					5EE600CA6F470CEDA549E3D5,
					FE2E7A759707139122A1B7F6,
					13F8A35989A1BC606D3F4E3A,
					1198944E6548B28C98B8579C,
					4E40191A63933B54C05D0006,
					96863076C11A4DB757F54CB1,
					99E218273ADB4322CD4FBDD3,
					8C2A6337E4CF172FAA60BA17,
					B50EE8DCD1B052DF6D15145A,
					1EC3A8300FE94713DE4040D3, ); name = sources; sourceTree = "<group>"; };
		5CE44709D69174EC4F08C8D1 = {isa = PBXGroup; children = (
					EFED1E85C96893FC7A59BAAA,
					291D6404F25B24631CF384E1, ); name = synthesisers; sourceTree = "<group>"; };
		58B3F5B019112A37C82DE359 = {isa = PBXGroup; children = (
					933BBA4DF46A890531B2EA12,
					C3A86A40A3077B17C4D63D7D,
					E041FAAFE5D6B995DEEEA8CA,
					FE82BEC5234D63A60E53B90F,
					5CE44709D69174EC4F08C8D1,
					D62C6D99099E7FA58355107A,
					07B593BC07EB29B9C1835509, ); name = "juce_audio_basics"; sourceTree = "<group>"; };
		28A454A4493CA9966F613762 = {isa = PBXGroup; children = (
					0A2211B673FF7147D2FD765C,
					55EC77E311C75C4788E58E44,
					F990ECDDC9D317828F98D616,
					92D1461C163FE5C45EC9B8B3,
					22FBC10190B2263D709F4814,
					F940E2F0683AD00261F7DE65,
					4EE94215DFA7D21F4CEC57CB,
					6B018075178E127FA5BF09BE,
					8F477FB39229BBD26987EE85,
					B4D42422A43AC4BD9CBF7214,
					7C133B690483FCCA88D78054,
					F63983A7D6464E5FAA8927C4,
					8C803FB5F8E6BE9F4E69C0FA,
					6996F2309E89D85BDC9C4F45,
					7CECBA2F692056053164624A, ); name = format; sourceTree = "<group>"; };
		26FB5E571D22FC7F8CF1B36B = {isa = PBXGroup; children = (
					B4C70015883410A884886CDB,
					8CB4C423D733A7842C024D04,
					0727A39A7965B653B0BF5A7C,
					87A1A9D1BA2041CA52442CAF,
					0CA8FC5D820BB4133C5600F6,
					8780F705384C87E4C30C9D45,
					43EAD7CA26C1194DF8DA45B3,
					FBD7388247AB7A40725A7957,
					004A417E560AAC151BDD4631,
					53ACEEA80C42CA28A9CF5FEE,
					18A34F359FCA9CC48EAA3D80,
					26343130E9CD4D54068E407D,
					497BB9EFE9566E4F4AC10A8E,
					F4C2EA823D4F6CCE075CC049,
					98704C01FA87F4C705BE10C0,
					86953BFCEE5BB509350639C0,
					1DC2AD29B456E75EA8AC52F3,
					48328C1E09FE4DF02AC38624, ); name = codecs; sourceTree = "<group>"; };
		73FB514BBFF675622186707E = {isa = PBXGroup; children = (
					AF7D649407C3FD9F3BC33AC0,
					BE84FB90BCAA7C98BE9DD1C8, ); name = sampler; sourceTree = "<group>"; };
		A4F03272D417640ED1A09638 = {isa = PBXGroup; children = (
					28A454A4493CA9966F613762,
					26FB5E571D22FC7F8CF1B36B,
					73FB514BBFF675622186707E,
					E3329D3C4D92B6EA609E67C8,
					3388E37F2036FCEBD9A0A121, ); name = "juce_audio_formats"; sourceTree = "<group>"; };
		11CAF038FAE1A3D894F9E978 = {isa = PBXGroup; children = (
					513D76DBB02D6C9CC2688265,
					62C02383B44B8B9FFD14937C,
					806667B80BBDEF243065EE75,
					A77ABB9FD1D7AE183FEED7D9,
					41761C51813FD6D9101CDB98,
					D402BB8F84F0F8552E001D58,
					B39E28ADCB937A56A68BC0B7,
					E0C88B7AAB479A0573D1A8FA,
					97788DC8F9BC5869016831A7,
					014EDC05C5F1D1AB8D396429,
					866107380D2F7C917E21CE26,
					89EF5756DB9DCBDC16C7E3A4,
					BB121788B321165540EE66A2,
					62FD0EA6E471867F45294EA7,
					EFCA9A8183E09B3EC36C5BF2,
					176B29B5FA4D5A001435CBC7,
					48192B460116A33B0ED59587,
					85AE510A49DB0A01D9B1761B,
					10FFC7EA9ABF618D2BAB5D07,
					B6B8D4B12D20F52FDB3DA921,
					CD7D4E7E54C617F0BF64DA69,
					70CC76F18208512B9747AC84, ); name = text; sourceTree = "<group>"; };
		FF05352D8C6E1879E26FFC30 = {isa = PBXGroup; children = (
					596EE9B7D9A842E960BE4A7F,
					5FAD7A42CE9D164859DA9A3A,
					20FF63FC93AC1DB10829C8BE,
					C73F3EEF2C04783B0FE36F86,
					830648CAF76EF9B7D3C7BFB3,
					EF2F3F4910871D2102656047,
					192FB78F684D110355A0BC3A,
					DA253CF097A9B4559380DAB1, ); name = maths; sourceTree = "<group>"; };
		5CD263646277EEB353595667 = {isa = PBXGroup; children = (
					41F417276ABD1AA87782C66F,
					CA6E3B01BA6E7CECF5AB9FA6,
					A999F4771B1F96B43342368F,
					4903663E9C8B27E714F0B1F5,
					33F2C5AABD757EEF7B65CEBC,
					35F35DF2855F2E26FA34459E,
					EF363515B7662159E52A8E7E,
					977A01BE2A4C6782F96DBC12,
					70A34AD02A1A2FD4D28D42B8,
					672DDA8CA0EB3D6B359509C3,
					0CF2D5435931626D2DB939D7,
					0F0DF5AEB05E86052CD33055,
					FCD206E5C900C8B16F322129,
					F19F670F934FB97353377F12, ); name = memory; sourceTree = "<group>"; };
		0C6A9E253696DFC23CF9D393 = {isa = PBXGroup; children = (
					1E38E7720460A85A7B76D829,
					46F532D9833065D62537E44B,
					A267EFEC6223337D303C3149,
					64E18C529048FD4977548F68,
					0BAE06E0A30880A6EB3A0770,
					BAECABEFD64C19D474056CD9,
					B0DF8690AD31247BD5E5BEEC,
					A32AB218BC7CDD8BE685862F,
					4BD55007436CD8567D021ED5,
					99C4079F05230885D7691ECC,
					6CFC9FA1AB8688045384F6BD,
					5806B83E41879E884930F3BD,
					DE2FFAB4D5140EABBB4D2771,
					B2C34017D9C0EA328DE29BCE,
					7016B7355DE74E27B6B6ED8E,
					5712691DE714489AA5C640E6,
					3EBF87AC5F2320435689EC0E,
					33EEF081384E38332E295862,
					9DF45E88AF65213B458D1705,
					B4088B04A3CB669A415727B0, ); name = containers; sourceTree = "<group>"; };
		3FECC21190E39B0C251F87A2 = {isa = PBXGroup; children = (
					8F4EAA5217255406043D4B81,
					951B87177D700B50A2677DFD,
					5458ECB5160D647EBBFA45EA,
					6CC99A3CB7269CB7FA63B1EB,
					9356265645F8AAC2E03F27EA,
					7A2A8945B9664D60B259CA3A,
					96AE806C850B68C584C5D0AE,
					51CFB65F7E313D14EBC0583C,
					772164F544797B9CCB544404,
					5753D102FAFE8F0A929B3C6B,
					E3E03D8A357AB04A4615DE10,
					DBAF7DF50966EB574C6B65A0,
					9519CC192719708278384293,
					ECCF0BA7374552322B3772B2,
					A8205B673B41C195373C502B,
					2006510B0F4A81E42F35EBFD,
					4757170C14619BF0AD53B1A6,
					90300327AC408F7E300C25E3,
					7FFA00B419D0CD2294B83950,
					1AC6CCDE3C1BFC194390A9B0,
					ABFAA5F763229C507BF2AE71,
					5F21DEEBEF252925B9354C99, ); name = threads; sourceTree = "<group>"; };
		BA27638531722FD04FF1B1D0 = {isa = PBXGroup; children = (
					8089CA73778F3B036DDD2F92,
					448561D3F2C6FE15E338C057,
					47AB562325F60674CE5957FA,
					79D61B4862C1ED5FB41E6709,
					44E100853D87FC00A14F81B6,
					A2AAC4059294075B68D2C4E1, ); name = time; sourceTree = "<group>"; };
		FAEB761D83B70BA30934ED8A = {isa = PBXGroup; children = (
					F150D14B84DDB505B3B05B3A,
					B113BC52CF555568E0E80815,
					6C72C92D676B81B35682231D,
					A6889050A08E58E9CD8CBA75,
					54663DE8F02E9495860BD51F,
					87EB1CFE53B344BA4A3FE8E6,
					7F58A548C72F1CFAC14116E5,
					AAA2DAAAB5F8E0C79C2A8ECA,
					FB65FC7B55181B0F4342F7BC,
					AB926508EE446776F350C7E4,
					EB5678B47D55342A7C2BB30E,
					68B63F0E06385EE2DA62C7C8,
					93908079AC98FD7BE41ABBE4,
					0C3141D7B0FE82442A9A5B7B,
					62FD0CB271FB5ABDA405A4E5,
					F79BEB7D59556E7078F18A57,
					E1EB71DB8CF7A486EC0E09A8, ); name = files; sourceTree = "<group>"; };
		2573C6BF313DD065FFD639DB = {isa = PBXGroup; children = (
					DF5CD3FC7068B7F31873C924,
					94183543DCA0A786A1A8123A,
					C56144DA62DCB3286ADE8D55,
					3FA3CD0BE23CEBFC298895F2,
					F45C156F6C9A4CB921448862,
					ADDE0A5CEE6CD36D2A2C21D1,
					ECA1A80D06A9C41174B2AEDE,
					A4A8E401FE128305AF1D786A,
					60F0F0EC46362BAA653768D1,
					43E4508DC114CA70240DB11E, ); name = network; sourceTree = "<group>"; };
		8C4D3D5DA5B87FBB996ADB3B = {isa = PBXGroup; children = (
					DA01E066ECCBA147018301B4,
					FDED069FD66E83669E477900,
					79870048C780F9D377B24916,
					408C07358BB3A6ADCB8A16B2,
					BC79D877ADC9934CC3C582E6,
					66E77EA7100FD41E649E3150,
					37E1DCF42522932722415BCC,
					C5F6BCAF0BCE98B09E52FD44,
					387FAAB45B80E6BEBCF630AD,
					8CD2301B4B84EB64E478D15D,
					04324C3C5CF489FF65F1E84C,
					5EB1A76B21DA37506FD0E8E7,
					0EA75D217F4BC882BA97B848,
					503521C1335D239E49D85925,
					B9BD96B629641987663ED187, ); name = streams; sourceTree = "<group>"; };
		D626B5B43603A62946896BB0 = {isa = PBXGroup; children = (
					BEB82020BB8DBE3F4D91CF9D,
					B21094409063A08AA5032898,
					CA16306510268342E17A8420,
					18D929D7588C9E9DA11729BF, ); name = logging; sourceTree = "<group>"; };
		4E8262A8A47B7AE0F2B54F62 = {isa = PBXGroup; children = (
					8C4A0A6CBF5181E9774EF90E,
					3DFEA8D5E76343AD65B1832E,
					35D95D54AC62CEAB457A7FD6,
					58A90F8EFD6E040D991E33B4,
					E597CEF860578603C92E6E37, ); name = system; sourceTree = "<group>"; };
		56A449D9E770F1CB5046659D = {isa = PBXGroup; children = (
					5E11660BC489E27506B4F227,
					22C9ABDDBB752827FCE62BD4,
					2F788CC807C0A52ACDAF80F6,
					2DA497D64543F58F0E0C10FD, ); name = xml; sourceTree = "<group>"; };
		BF1BACD22C7ABAA075456FD1 = {isa = PBXGroup; children = (
					AFCE77112A3C06D80D9BAA5D,
					C0D2BB72607378FBC4EC2D8E,
					8DA183249D186476E1E6EF5E,
					AB268385EF601CBBB2356BA2, ); name = javascript; sourceTree = "<group>"; };
		2499768D77631911AD01FF0E = {isa = PBXGroup; children = (
					5316FA62830C18DEC7317482,
					6755C2CED5E3775F05B05376,
					80381401BB3D9C9A1647EA1D,
					EE6E333284956B64141D3AE4,
					9843CDBEDBA1C933377FF1F9,
					A3CB6E7628A1A0EA674A7FBF, ); name = zip; sourceTree = "<group>"; };
		D8E5AA3EAC48ED11B2E87CE9 = {isa = PBXGroup; children = (
					3D45714CDD01BE3DCB9043BF,
					81587F5379398FCB78EC7607, ); name = "unit_tests"; sourceTree = "<group>"; };
		8C0A712D7445045B8CF64279 = {isa = PBXGroup; children = (
					E56940418822CC5567BB6DA2,
					B03EAC70DE3EEFAECC31E245,
					4B1FDB7796A35876C433418C,
					CE79007DDBC5D9C4086403C0,
					A0F38B188F78B5B6FDB784FD, ); name = misc; sourceTree = "<group>"; };
		48A4440AC92FCC3594F5F5DE = {isa = PBXGroup; children = (
					9446DCD6D752198F6B1E87B1,
					556C6EAA793214407C30CBDB,
					1D4824A9E49F5D53688E38DF,
					AE0FFBAE5FB740810EA6D1B5,
					0A4F28487182127C8BAE2B27,
					4B6219F63CF2D25E822BB258,
					23C207E4B80E2E30ED651778,
					0902846A09B5628A23717CC6,
					E0594186AAF005FAD50A2BA6,
					FD0CC895E455AA7020C38C85,
					6173C7075BE2B6E90761E801,
					6C36EC11FB9DF9EB0A83B11D,
					A0DE0D51C27763ECA68A8C4A,
					51CC63419DE8D6D578523E70,
					A34976F668690C3FDC9860BF,
					1532D2FCDB55B66CD6177B0E,
					20784D0D41F1756A09D6BBFC,
					65695CF499AC6876396675F7,
					57C113F93234F6B43CDAD347,
					2B55512EFCFF7FA421938E56,
					0F96254CAB10D37BCC73430C,
					53C9BB17287AD0CA5407D1A6,
					2D123154453FF505E61BF5C9,
					3B896220953B01D5369EC1BD,
					4C3BB6891B643A26FEE5EF63,
					11543EDF7273DDB33995928A, ); name = native; sourceTree = "<group>"; };
		40B0398437B04BEDDF3E5758 = {isa = PBXGroup; children = (
					11CAF038FAE1A3D894F9E978,
					FF05352D8C6E1879E26FFC30,
					5CD263646277EEB353595667,
					0C6A9E253696DFC23CF9D393,
					3FECC21190E39B0C251F87A2,
					BA27638531722FD04FF1B1D0,
					FAEB761D83B70BA30934ED8A,
					2573C6BF313DD065FFD639DB,
					8C4D3D5DA5B87FBB996ADB3B,
					D626B5B43603A62946896BB0,
					4E8262A8A47B7AE0F2B54F62,
					56A449D9E770F1CB5046659D,
					BF1BACD22C7ABAA075456FD1,
					2499768D77631911AD01FF0E,
					D8E5AA3EAC48ED11B2E87CE9,
					8C0A712D7445045B8CF64279,
					48A4440AC92FCC3594F5F5DE,
					2236272A38EA105D9F7F14DD,
					8D5B378691ABD6844569C7EF, ); name = "juce_core"; sourceTree = "<group>"; };
		25D8E0F2DE2C3AE1D8992BD2 = {isa = PBXGroup; children = (
					58B3F5B019112A37C82DE359,
					A4F03272D417640ED1A09638,
					40B0398437B04BEDDF3E5758, ); name = "Juce Modules"; sourceTree = "<group>"; };
		EC49A56551A1BCD1E01B5020 = {isa = PBXGroup; children = (
					8771AC7D4EB10E31E7D9F9BB,
					3C51864458FA18ED33CC1044,
					D512A29DB55A81A5E988F137,
					7F5C03B3273E109D1BCCB0BD,
					06FD7B44E8DCF3176669ED8F, ); name = "Juce Library Code"; sourceTree = "<group>"; };
		909112353728C110A24B0646 = {isa = PBXGroup; children = (
					842E6A1DECDBAF15A7BDE3FA, ); name = Resources; sourceTree = "<group>"; };
		3F39D3DF4159DDB6D43FF8B3 = {isa = PBXGroup; children = (
					354D82FEAA9682BABB7E691A,
					893E63010F60647DB6A6AC06,
					CAA794CF3C460A0D0360CD2B,
					74C01D814B3F649CC9A41653,
					FD72C2C5D00D6176C98608BD,
					1EEA43E08218ADF71B482354,
					3CED055C8F37AC77DDA35F05, ); name = Frameworks; sourceTree = "<group>"; };
		EF3D956CEE34E62DE609CB07 = {isa = PBXGroup; children = (
					D969D7610C30D44FC0DDBB44, ); name = Products; sourceTree = "<group>"; };
		08127B7B9E800B47722EF44D = {isa = PBXGroup; children = (
					2345076369441040898BE421,
					25D8E0F2DE2C3AE1D8992BD2,
					EC49A56551A1BCD1E01B5020,
					909112353728C110A24B0646,
					3F39D3DF4159DDB6D43FF8B3,
					EF3D956CEE34E62DE609CB07, ); name = Source; sourceTree = "<group>"; };
		F372C66EED95C5E4F0516561 = {isa = XCBuildConfiguration; buildSettings = {
				CLANG_CXX_LANGUAGE_STANDARD = "c++0x";
				CLANG_LINK_OBJC_RUNTIME = NO;
				COMBINE_HIDPI_IMAGES = YES;
				CONFIGURATION_BUILD_DIR = "$(PROJECT_DIR)/build/$(CONFIGURATION)";
				COPY_PHASE_STRIP = NO;
				GCC_DYNAMIC_NO_PIC = NO;
				GCC_OPTIMIZATION_LEVEL = 0;
				GCC_PREPROCESSOR_DEFINITIONS = (
					"_DEBUG=1",
					"DEBUG=1",
					"JUCER_XCODE_MAC_F6D2F4CF=1",
					"JUCE_APP_VERSION=1.0.0",
					"JUCE_APP_VERSION_HEX=0x10000", );
				GCC_VERSION = com.apple.compilers.llvm.clang.1_0;
				HEADER_SEARCH_PATHS = ("../../JuceLibraryCode", "../../JuceLibraryCode/modules", "$(inherited)");
				INFOPLIST_FILE = Info.plist;
				INSTALL_PATH = "/usr/bin";
				MACOSX_DEPLOYMENT_TARGET_ppc = 10.4;
				SDKROOT_ppc = macosx10.5; }; name = Debug; };
		F10F60CB089AAC847C13BE75 = {isa = XCBuildConfiguration; buildSettings = {
				CLANG_CXX_LANGUAGE_STANDARD = "c++0x";
				CLANG_LINK_OBJC_RUNTIME = NO;
				COMBINE_HIDPI_IMAGES = YES;
				CONFIGURATION_BUILD_DIR = "$(PROJECT_DIR)/build/$(CONFIGURATION)";
				DEAD_CODE_STRIPPING = YES;
				GCC_GENERATE_DEBUGGING_SYMBOLS = NO;
				GCC_OPTIMIZATION_LEVEL = s;
				GCC_PREPROCESSOR_DEFINITIONS = (
					"_NDEBUG=1",
					"NDEBUG=1",
					"JUCER_XCODE_MAC_F6D2F4CF=1",
					"JUCE_APP_VERSION=1.0.0",
					"JUCE_APP_VERSION_HEX=0x10000", );
				GCC_SYMBOLS_PRIVATE_EXTERN = YES;
				GCC_VERSION = com.apple.compilers.llvm.clang.1_0;
				HEADER_SEARCH_PATHS = ("../../JuceLibraryCode", "../../JuceLibraryCode/modules", "$(inherited)");
				INFOPLIST_FILE = Info.plist;
				INSTALL_PATH = "/usr/bin";
				MACOSX_DEPLOYMENT_TARGET_ppc = 10.4;
				SDKROOT_ppc = macosx10.5; }; name = Release; };
		C40256740CAAA44834262611 = {isa = XCBuildConfiguration; buildSettings = {
				ALWAYS_SEARCH_USER_PATHS = NO;
				DEBUG_INFORMATION_FORMAT = "dwarf";
				GCC_C_LANGUAGE_STANDARD = c99;
				GCC_INLINES_ARE_PRIVATE_EXTERN = YES;
				GCC_MODEL_TUNING = G5;
				GCC_WARN_ABOUT_RETURN_TYPE = YES;
				GCC_WARN_CHECK_SWITCH_STATEMENTS = YES;
				GCC_WARN_MISSING_PARENTHESES = YES;
				GCC_WARN_NON_VIRTUAL_DESTRUCTOR = YES;
				GCC_WARN_TYPECHECK_CALLS_TO_PRINTF = YES;
				GCC_WARN_UNUSED_VARIABLE = YES;
				ONLY_ACTIVE_ARCH = YES;
				PRODUCT_NAME = "AudioFileLineUp";
				WARNING_CFLAGS = -Wreorder;
				ZERO_LINK = NO; }; name = Debug; };
		43D48D8A66378993460798E2 = {isa = XCBuildConfiguration; buildSettings = {
				ALWAYS_SEARCH_USER_PATHS = NO;
				DEBUG_INFORMATION_FORMAT = "dwarf";
				GCC_C_LANGUAGE_STANDARD = c99;
				GCC_INLINES_ARE_PRIVATE_EXTERN = YES;
				GCC_MODEL_TUNING = G5;
				GCC_WARN_ABOUT_RETURN_TYPE = YES;
				GCC_WARN_CHECK_SWITCH_STATEMENTS = YES;
				GCC_WARN_MISSING_PARENTHESES = YES;
				GCC_WARN_NON_VIRTUAL_DESTRUCTOR = YES;
				GCC_WARN_TYPECHECK_CALLS_TO_PRINTF = YES;
				GCC_WARN_UNUSED_VARIABLE = YES;
				PRODUCT_NAME = "AudioFileLineUp";
				WARNING_CFLAGS = -Wreorder;
				ZERO_LINK = NO; }; name = Release; };
		F429113502E9E2CF3708A3F0 = {isa = XCConfigurationList; buildConfigurations = (
					C40256740CAAA44834262611,
					43D48D8A66378993460798E2, ); defaultConfigurationIsVisible = 0; defaultConfigurationName = Debug; };
		E4387D1B5F2FE4EC8018EB3C = {isa = XCConfigurationList; buildConfigurations = (
					F372C66EED95C5E4F0516561,
					F10F60CB089AAC847C13BE75, ); defaultConfigurationIsVisible = 0; defaultConfigurationName = Debug; };
		1DE121DB996E06862206DD57 = {isa = PBXResourcesBuildPhase; buildActionMask = 2147483647; files = (
					BBA1C00C6231C40846B6A93B, ); runOnlyForDeploymentPostprocessing = 0; };
		6DC1813841D9D4E8E4763294 = {isa = PBXSourcesBuildPhase; buildActionMask = 2147483647; files = (
					890BA0FD0BFDD7D9C52B5231,
					8FAC8229C25B5FCDBE437775,
					0C91220758FE036DDA9AAD81,
					DAC056482142E13F3B8CB52C, ); runOnlyForDeploymentPostprocessing = 0; };
		C7B5CBB9711AE0240AC5462E = {isa = PBXFrameworksBuildPhase; buildActionMask = 2147483647; files = (
					386CDFD89BB84EDBC70608DD,
					F442EF8C069C021A7B5877AA,
					CF51747CFD0A0E456C003154,
					E37698902ED9A128E5711306,
					1B956FC22018CC43133BFA1C,
					F8EA8C4085A99B07BB795F34,
					7934A9F87EFFB5B1DE4BE015, ); runOnlyForDeploymentPostprocessing = 0; };
		66FD953F7CDD799D0176B523 = {isa = PBXNativeTarget; buildConfigurationList = E4387D1B5F2FE4EC8018EB3C; buildPhases = (
					1DE121DB996E06862206DD57,
					6DC1813841D9D4E8E4763294,
					C7B5CBB9711AE0240AC5462E, ); buildRules = ( ); dependencies = ( ); name = AudioFileLineUp; productName = AudioFileLineUp; productReference = D969D7610C30D44FC0DDBB44; productInstallPath = /usr/bin; productType = "com.apple.product-type.tool"; };
		A94AF82E27866B754F8070F7 = {isa = PBXProject; buildConfigurationList = F429113502E9E2CF3708A3F0; attributes = { LastUpgradeCheck = 0440; }; compatibilityVersion = "Xcode 3.2"; hasScannedForEncodings = 0; mainGroup = 08127B7B9E800B47722EF44D; projectDirPath = ""; projectRoot = ""; targets = ( 66FD953F7CDD799D0176B523 ); };
	};
	rootObject = A94AF82E27866B754F8070F7;
}
